
Microsoft Visual Studio Solution File, Format Version 12.00
# Visual Studio Version 16
VisualStudioVersion = 16.0.29920.165
MinimumVisualStudioVersion = 10.0.40219.1
Project("{8BC9CEB8-8B4A-11D0-8D11-00A0C91BC942}") = "10972 다음 순열", "10972 다음 순열\10972 다음 순열.vcxproj", "{884355E3-6E9D-4BEF-A722-53BD5BA8F9BD}"
EndProject
Global
	GlobalSection(SolutionConfigurationPlatforms) = preSolution
		Debug|x64 = Debug|x64
		Debug|x86 = Debug|x86
		Release|x64 = Release|x64
		Release|x86 = Release|x86
	EndGlobalSection
	GlobalSection(ProjectConfigurationPlatforms) = postSolution
		{884355E3-6E9D-4BEF-A722-53BD5BA8F9BD}.Debug|x64.ActiveCfg = Debug|x64
		{884355E3-6E9D-4BEF-A722-53BD5BA8F9BD}.Debug|x64.Build.0 = Debug|x64
		{884355E3-6E9D-4BEF-A722-53BD5BA8F9BD}.Debug|x86.ActiveCfg = Debug|Win32
		{884355E3-6E9D-4BEF-A722-53BD5BA8F9BD}.Debug|x86.Build.0 = Debug|Win32
		{884355E3-6E9D-4BEF-A722-53BD5BA8F9BD}.Release|x64.ActiveCfg = Release|x64
		{884355E3-6E9D-4BEF-A722-53BD5BA8F9BD}.Release|x64.Build.0 = Release|x64
		{884355E3-6E9D-4BEF-A722-53BD5BA8F9BD}.Release|x86.ActiveCfg = Release|Win32
		{884355E3-6E9D-4BEF-A722-53BD5BA8F9BD}.Release|x86.Build.0 = Release|Win32
	EndGlobalSection
	GlobalSection(SolutionProperties) = preSolution
		HideSolutionNode = FALSE
	EndGlobalSection
	GlobalSection(ExtensibilityGlobals) = postSolution
		SolutionGuid = {79C322E3-43FC-426F-BE8B-8A685214F0DF}
	EndGlobalSection
EndGlobal
