
Microsoft Visual Studio Solution File, Format Version 12.00
# Visual Studio Version 16
VisualStudioVersion = 16.0.29326.143
MinimumVisualStudioVersion = 10.0.40219.1
Project("{8BC9CEB8-8B4A-11D0-8D11-00A0C91BC942}") = "18111 마인크래프트", "18111 마인크래프트\18111 마인크래프트.vcxproj", "{CFEF0253-6D6E-4190-B4DF-11C6F73151B5}"
EndProject
Global
	GlobalSection(SolutionConfigurationPlatforms) = preSolution
		Debug|x64 = Debug|x64
		Debug|x86 = Debug|x86
		Release|x64 = Release|x64
		Release|x86 = Release|x86
	EndGlobalSection
	GlobalSection(ProjectConfigurationPlatforms) = postSolution
		{CFEF0253-6D6E-4190-B4DF-11C6F73151B5}.Debug|x64.ActiveCfg = Debug|x64
		{CFEF0253-6D6E-4190-B4DF-11C6F73151B5}.Debug|x64.Build.0 = Debug|x64
		{CFEF0253-6D6E-4190-B4DF-11C6F73151B5}.Debug|x86.ActiveCfg = Debug|Win32
		{CFEF0253-6D6E-4190-B4DF-11C6F73151B5}.Debug|x86.Build.0 = Debug|Win32
		{CFEF0253-6D6E-4190-B4DF-11C6F73151B5}.Release|x64.ActiveCfg = Release|x64
		{CFEF0253-6D6E-4190-B4DF-11C6F73151B5}.Release|x64.Build.0 = Release|x64
		{CFEF0253-6D6E-4190-B4DF-11C6F73151B5}.Release|x86.ActiveCfg = Release|Win32
		{CFEF0253-6D6E-4190-B4DF-11C6F73151B5}.Release|x86.Build.0 = Release|Win32
	EndGlobalSection
	GlobalSection(SolutionProperties) = preSolution
		HideSolutionNode = FALSE
	EndGlobalSection
	GlobalSection(ExtensibilityGlobals) = postSolution
		SolutionGuid = {F2DEDE76-B34F-47D6-9EEF-2FCAF2B47D67}
	EndGlobalSection
EndGlobal
