
Microsoft Visual Studio Solution File, Format Version 12.00
# Visual Studio Version 16
VisualStudioVersion = 16.0.29609.76
MinimumVisualStudioVersion = 10.0.40219.1
Project("{8BC9CEB8-8B4A-11D0-8D11-00A0C91BC942}") = "2740 행렬곱셈", "2740 행렬곱셈\2740 행렬곱셈.vcxproj", "{4770C2AA-22AA-4E40-BDAE-761E1B7D7364}"
EndProject
Global
	GlobalSection(SolutionConfigurationPlatforms) = preSolution
		Debug|x64 = Debug|x64
		Debug|x86 = Debug|x86
		Release|x64 = Release|x64
		Release|x86 = Release|x86
	EndGlobalSection
	GlobalSection(ProjectConfigurationPlatforms) = postSolution
		{4770C2AA-22AA-4E40-BDAE-761E1B7D7364}.Debug|x64.ActiveCfg = Debug|x64
		{4770C2AA-22AA-4E40-BDAE-761E1B7D7364}.Debug|x64.Build.0 = Debug|x64
		{4770C2AA-22AA-4E40-BDAE-761E1B7D7364}.Debug|x86.ActiveCfg = Debug|Win32
		{4770C2AA-22AA-4E40-BDAE-761E1B7D7364}.Debug|x86.Build.0 = Debug|Win32
		{4770C2AA-22AA-4E40-BDAE-761E1B7D7364}.Release|x64.ActiveCfg = Release|x64
		{4770C2AA-22AA-4E40-BDAE-761E1B7D7364}.Release|x64.Build.0 = Release|x64
		{4770C2AA-22AA-4E40-BDAE-761E1B7D7364}.Release|x86.ActiveCfg = Release|Win32
		{4770C2AA-22AA-4E40-BDAE-761E1B7D7364}.Release|x86.Build.0 = Release|Win32
	EndGlobalSection
	GlobalSection(SolutionProperties) = preSolution
		HideSolutionNode = FALSE
	EndGlobalSection
	GlobalSection(ExtensibilityGlobals) = postSolution
		SolutionGuid = {32D6D4A3-B28F-4AEF-90BF-B9F10C91ED05}
	EndGlobalSection
EndGlobal
