
Microsoft Visual Studio Solution File, Format Version 12.00
# Visual Studio Version 16
VisualStudioVersion = 16.0.29326.143
MinimumVisualStudioVersion = 10.0.40219.1
Project("{8BC9CEB8-8B4A-11D0-8D11-00A0C91BC942}") = "15652 N과M(4)", "15652 N과M(4)\15652 N과M(4).vcxproj", "{8CB17E07-1E37-4C04-B93F-A6DC5AB2473F}"
EndProject
Global
	GlobalSection(SolutionConfigurationPlatforms) = preSolution
		Debug|x64 = Debug|x64
		Debug|x86 = Debug|x86
		Release|x64 = Release|x64
		Release|x86 = Release|x86
	EndGlobalSection
	GlobalSection(ProjectConfigurationPlatforms) = postSolution
		{8CB17E07-1E37-4C04-B93F-A6DC5AB2473F}.Debug|x64.ActiveCfg = Debug|x64
		{8CB17E07-1E37-4C04-B93F-A6DC5AB2473F}.Debug|x64.Build.0 = Debug|x64
		{8CB17E07-1E37-4C04-B93F-A6DC5AB2473F}.Debug|x86.ActiveCfg = Debug|Win32
		{8CB17E07-1E37-4C04-B93F-A6DC5AB2473F}.Debug|x86.Build.0 = Debug|Win32
		{8CB17E07-1E37-4C04-B93F-A6DC5AB2473F}.Release|x64.ActiveCfg = Release|x64
		{8CB17E07-1E37-4C04-B93F-A6DC5AB2473F}.Release|x64.Build.0 = Release|x64
		{8CB17E07-1E37-4C04-B93F-A6DC5AB2473F}.Release|x86.ActiveCfg = Release|Win32
		{8CB17E07-1E37-4C04-B93F-A6DC5AB2473F}.Release|x86.Build.0 = Release|Win32
	EndGlobalSection
	GlobalSection(SolutionProperties) = preSolution
		HideSolutionNode = FALSE
	EndGlobalSection
	GlobalSection(ExtensibilityGlobals) = postSolution
		SolutionGuid = {83246EFB-FF5D-446D-816F-E87274D022C8}
	EndGlobalSection
EndGlobal
