
Microsoft Visual Studio Solution File, Format Version 12.00
# Visual Studio Version 16
VisualStudioVersion = 16.0.29609.76
MinimumVisualStudioVersion = 10.0.40219.1
Project("{8BC9CEB8-8B4A-11D0-8D11-00A0C91BC942}") = "5525 IOIOI", "5525 IOIOI\5525 IOIOI.vcxproj", "{9309C849-09DE-4E6E-9B0D-13B1964A53DB}"
EndProject
Global
	GlobalSection(SolutionConfigurationPlatforms) = preSolution
		Debug|x64 = Debug|x64
		Debug|x86 = Debug|x86
		Release|x64 = Release|x64
		Release|x86 = Release|x86
	EndGlobalSection
	GlobalSection(ProjectConfigurationPlatforms) = postSolution
		{9309C849-09DE-4E6E-9B0D-13B1964A53DB}.Debug|x64.ActiveCfg = Debug|x64
		{9309C849-09DE-4E6E-9B0D-13B1964A53DB}.Debug|x64.Build.0 = Debug|x64
		{9309C849-09DE-4E6E-9B0D-13B1964A53DB}.Debug|x86.ActiveCfg = Debug|Win32
		{9309C849-09DE-4E6E-9B0D-13B1964A53DB}.Debug|x86.Build.0 = Debug|Win32
		{9309C849-09DE-4E6E-9B0D-13B1964A53DB}.Release|x64.ActiveCfg = Release|x64
		{9309C849-09DE-4E6E-9B0D-13B1964A53DB}.Release|x64.Build.0 = Release|x64
		{9309C849-09DE-4E6E-9B0D-13B1964A53DB}.Release|x86.ActiveCfg = Release|Win32
		{9309C849-09DE-4E6E-9B0D-13B1964A53DB}.Release|x86.Build.0 = Release|Win32
	EndGlobalSection
	GlobalSection(SolutionProperties) = preSolution
		HideSolutionNode = FALSE
	EndGlobalSection
	GlobalSection(ExtensibilityGlobals) = postSolution
		SolutionGuid = {D666FECD-67C3-4DE9-947C-904E452E8E6B}
	EndGlobalSection
EndGlobal
