
Microsoft Visual Studio Solution File, Format Version 12.00
# Visual Studio Version 16
VisualStudioVersion = 16.0.29609.76
MinimumVisualStudioVersion = 10.0.40219.1
Project("{8BC9CEB8-8B4A-11D0-8D11-00A0C91BC942}") = "2579", "2579\2579.vcxproj", "{1B761272-3CE4-4015-B35D-21738BB2DD87}"
EndProject
Global
	GlobalSection(SolutionConfigurationPlatforms) = preSolution
		Debug|x64 = Debug|x64
		Debug|x86 = Debug|x86
		Release|x64 = Release|x64
		Release|x86 = Release|x86
	EndGlobalSection
	GlobalSection(ProjectConfigurationPlatforms) = postSolution
		{1B761272-3CE4-4015-B35D-21738BB2DD87}.Debug|x64.ActiveCfg = Debug|x64
		{1B761272-3CE4-4015-B35D-21738BB2DD87}.Debug|x64.Build.0 = Debug|x64
		{1B761272-3CE4-4015-B35D-21738BB2DD87}.Debug|x86.ActiveCfg = Debug|Win32
		{1B761272-3CE4-4015-B35D-21738BB2DD87}.Debug|x86.Build.0 = Debug|Win32
		{1B761272-3CE4-4015-B35D-21738BB2DD87}.Release|x64.ActiveCfg = Release|x64
		{1B761272-3CE4-4015-B35D-21738BB2DD87}.Release|x64.Build.0 = Release|x64
		{1B761272-3CE4-4015-B35D-21738BB2DD87}.Release|x86.ActiveCfg = Release|Win32
		{1B761272-3CE4-4015-B35D-21738BB2DD87}.Release|x86.Build.0 = Release|Win32
	EndGlobalSection
	GlobalSection(SolutionProperties) = preSolution
		HideSolutionNode = FALSE
	EndGlobalSection
	GlobalSection(ExtensibilityGlobals) = postSolution
		SolutionGuid = {B88A36A2-3BBB-4228-855E-8E9B9C7E6415}
	EndGlobalSection
EndGlobal
