
Microsoft Visual Studio Solution File, Format Version 12.00
# Visual Studio Version 16
VisualStudioVersion = 16.0.29326.143
MinimumVisualStudioVersion = 10.0.40219.1
Project("{8BC9CEB8-8B4A-11D0-8D11-00A0C91BC942}") = "1697 숨바꼭질", "1697 숨바꼭질\1697 숨바꼭질.vcxproj", "{E40284E1-07B3-4F79-B307-77CB394028B4}"
EndProject
Global
	GlobalSection(SolutionConfigurationPlatforms) = preSolution
		Debug|x64 = Debug|x64
		Debug|x86 = Debug|x86
		Release|x64 = Release|x64
		Release|x86 = Release|x86
	EndGlobalSection
	GlobalSection(ProjectConfigurationPlatforms) = postSolution
		{E40284E1-07B3-4F79-B307-77CB394028B4}.Debug|x64.ActiveCfg = Debug|x64
		{E40284E1-07B3-4F79-B307-77CB394028B4}.Debug|x64.Build.0 = Debug|x64
		{E40284E1-07B3-4F79-B307-77CB394028B4}.Debug|x86.ActiveCfg = Debug|Win32
		{E40284E1-07B3-4F79-B307-77CB394028B4}.Debug|x86.Build.0 = Debug|Win32
		{E40284E1-07B3-4F79-B307-77CB394028B4}.Release|x64.ActiveCfg = Release|x64
		{E40284E1-07B3-4F79-B307-77CB394028B4}.Release|x64.Build.0 = Release|x64
		{E40284E1-07B3-4F79-B307-77CB394028B4}.Release|x86.ActiveCfg = Release|Win32
		{E40284E1-07B3-4F79-B307-77CB394028B4}.Release|x86.Build.0 = Release|Win32
	EndGlobalSection
	GlobalSection(SolutionProperties) = preSolution
		HideSolutionNode = FALSE
	EndGlobalSection
	GlobalSection(ExtensibilityGlobals) = postSolution
		SolutionGuid = {AF23ACD1-F18C-4C67-809F-3A3601DDA21A}
	EndGlobalSection
EndGlobal
