
Microsoft Visual Studio Solution File, Format Version 12.00
# Visual Studio Version 16
VisualStudioVersion = 16.0.29306.81
MinimumVisualStudioVersion = 10.0.40219.1
Project("{8BC9CEB8-8B4A-11D0-8D11-00A0C91BC942}") = "1978 소수찾기", "1978 소수찾기\1978 소수찾기.vcxproj", "{0F215EFC-9739-4E8B-8C9E-78DEE9ECAEE7}"
EndProject
Global
	GlobalSection(SolutionConfigurationPlatforms) = preSolution
		Debug|x64 = Debug|x64
		Debug|x86 = Debug|x86
		Release|x64 = Release|x64
		Release|x86 = Release|x86
	EndGlobalSection
	GlobalSection(ProjectConfigurationPlatforms) = postSolution
		{0F215EFC-9739-4E8B-8C9E-78DEE9ECAEE7}.Debug|x64.ActiveCfg = Debug|x64
		{0F215EFC-9739-4E8B-8C9E-78DEE9ECAEE7}.Debug|x64.Build.0 = Debug|x64
		{0F215EFC-9739-4E8B-8C9E-78DEE9ECAEE7}.Debug|x86.ActiveCfg = Debug|Win32
		{0F215EFC-9739-4E8B-8C9E-78DEE9ECAEE7}.Debug|x86.Build.0 = Debug|Win32
		{0F215EFC-9739-4E8B-8C9E-78DEE9ECAEE7}.Release|x64.ActiveCfg = Release|x64
		{0F215EFC-9739-4E8B-8C9E-78DEE9ECAEE7}.Release|x64.Build.0 = Release|x64
		{0F215EFC-9739-4E8B-8C9E-78DEE9ECAEE7}.Release|x86.ActiveCfg = Release|Win32
		{0F215EFC-9739-4E8B-8C9E-78DEE9ECAEE7}.Release|x86.Build.0 = Release|Win32
	EndGlobalSection
	GlobalSection(SolutionProperties) = preSolution
		HideSolutionNode = FALSE
	EndGlobalSection
	GlobalSection(ExtensibilityGlobals) = postSolution
		SolutionGuid = {21E65928-4493-46C7-B987-B397A0F773AD}
	EndGlobalSection
EndGlobal
