
Microsoft Visual Studio Solution File, Format Version 12.00
# Visual Studio Version 16
VisualStudioVersion = 16.0.29326.143
MinimumVisualStudioVersion = 10.0.40219.1
Project("{8BC9CEB8-8B4A-11D0-8D11-00A0C91BC942}") = "1699 제곱수의 합", "1699 제곱수의 합\1699 제곱수의 합.vcxproj", "{4024750F-FBC7-4255-966D-12156E4FF4BB}"
EndProject
Global
	GlobalSection(SolutionConfigurationPlatforms) = preSolution
		Debug|x64 = Debug|x64
		Debug|x86 = Debug|x86
		Release|x64 = Release|x64
		Release|x86 = Release|x86
	EndGlobalSection
	GlobalSection(ProjectConfigurationPlatforms) = postSolution
		{4024750F-FBC7-4255-966D-12156E4FF4BB}.Debug|x64.ActiveCfg = Debug|x64
		{4024750F-FBC7-4255-966D-12156E4FF4BB}.Debug|x64.Build.0 = Debug|x64
		{4024750F-FBC7-4255-966D-12156E4FF4BB}.Debug|x86.ActiveCfg = Debug|Win32
		{4024750F-FBC7-4255-966D-12156E4FF4BB}.Debug|x86.Build.0 = Debug|Win32
		{4024750F-FBC7-4255-966D-12156E4FF4BB}.Release|x64.ActiveCfg = Release|x64
		{4024750F-FBC7-4255-966D-12156E4FF4BB}.Release|x64.Build.0 = Release|x64
		{4024750F-FBC7-4255-966D-12156E4FF4BB}.Release|x86.ActiveCfg = Release|Win32
		{4024750F-FBC7-4255-966D-12156E4FF4BB}.Release|x86.Build.0 = Release|Win32
	EndGlobalSection
	GlobalSection(SolutionProperties) = preSolution
		HideSolutionNode = FALSE
	EndGlobalSection
	GlobalSection(ExtensibilityGlobals) = postSolution
		SolutionGuid = {94E67EB0-9CDA-4081-9441-12C2413DF785}
	EndGlobalSection
EndGlobal
