
Microsoft Visual Studio Solution File, Format Version 12.00
# Visual Studio Version 16
VisualStudioVersion = 16.0.29326.143
MinimumVisualStudioVersion = 10.0.40219.1
Project("{8BC9CEB8-8B4A-11D0-8D11-00A0C91BC942}") = "1620 나는야 포켓몬 마스터 이다솜", "1620 나는야 포켓몬 마스터 이다솜\1620 나는야 포켓몬 마스터 이다솜.vcxproj", "{B58C0AD9-01AA-4099-A60B-341F62910018}"
EndProject
Global
	GlobalSection(SolutionConfigurationPlatforms) = preSolution
		Debug|x64 = Debug|x64
		Debug|x86 = Debug|x86
		Release|x64 = Release|x64
		Release|x86 = Release|x86
	EndGlobalSection
	GlobalSection(ProjectConfigurationPlatforms) = postSolution
		{B58C0AD9-01AA-4099-A60B-341F62910018}.Debug|x64.ActiveCfg = Debug|x64
		{B58C0AD9-01AA-4099-A60B-341F62910018}.Debug|x64.Build.0 = Debug|x64
		{B58C0AD9-01AA-4099-A60B-341F62910018}.Debug|x86.ActiveCfg = Debug|Win32
		{B58C0AD9-01AA-4099-A60B-341F62910018}.Debug|x86.Build.0 = Debug|Win32
		{B58C0AD9-01AA-4099-A60B-341F62910018}.Release|x64.ActiveCfg = Release|x64
		{B58C0AD9-01AA-4099-A60B-341F62910018}.Release|x64.Build.0 = Release|x64
		{B58C0AD9-01AA-4099-A60B-341F62910018}.Release|x86.ActiveCfg = Release|Win32
		{B58C0AD9-01AA-4099-A60B-341F62910018}.Release|x86.Build.0 = Release|Win32
	EndGlobalSection
	GlobalSection(SolutionProperties) = preSolution
		HideSolutionNode = FALSE
	EndGlobalSection
	GlobalSection(ExtensibilityGlobals) = postSolution
		SolutionGuid = {52E312D5-563D-4FA4-B6D4-03B210881303}
	EndGlobalSection
EndGlobal
