
Microsoft Visual Studio Solution File, Format Version 12.00
# Visual Studio Version 16
VisualStudioVersion = 16.0.29609.76
MinimumVisualStudioVersion = 10.0.40219.1
Project("{8BC9CEB8-8B4A-11D0-8D11-00A0C91BC942}") = "10866_deque", "10866_deque\10866_deque.vcxproj", "{4709025C-CB74-4CC3-8AAE-9A8DC2FA6A4D}"
EndProject
Global
	GlobalSection(SolutionConfigurationPlatforms) = preSolution
		Debug|x64 = Debug|x64
		Debug|x86 = Debug|x86
		Release|x64 = Release|x64
		Release|x86 = Release|x86
	EndGlobalSection
	GlobalSection(ProjectConfigurationPlatforms) = postSolution
		{4709025C-CB74-4CC3-8AAE-9A8DC2FA6A4D}.Debug|x64.ActiveCfg = Debug|x64
		{4709025C-CB74-4CC3-8AAE-9A8DC2FA6A4D}.Debug|x64.Build.0 = Debug|x64
		{4709025C-CB74-4CC3-8AAE-9A8DC2FA6A4D}.Debug|x86.ActiveCfg = Debug|Win32
		{4709025C-CB74-4CC3-8AAE-9A8DC2FA6A4D}.Debug|x86.Build.0 = Debug|Win32
		{4709025C-CB74-4CC3-8AAE-9A8DC2FA6A4D}.Release|x64.ActiveCfg = Release|x64
		{4709025C-CB74-4CC3-8AAE-9A8DC2FA6A4D}.Release|x64.Build.0 = Release|x64
		{4709025C-CB74-4CC3-8AAE-9A8DC2FA6A4D}.Release|x86.ActiveCfg = Release|Win32
		{4709025C-CB74-4CC3-8AAE-9A8DC2FA6A4D}.Release|x86.Build.0 = Release|Win32
	EndGlobalSection
	GlobalSection(SolutionProperties) = preSolution
		HideSolutionNode = FALSE
	EndGlobalSection
	GlobalSection(ExtensibilityGlobals) = postSolution
		SolutionGuid = {8316B0F4-DE59-4302-AF54-0C67EF2869EF}
	EndGlobalSection
EndGlobal
