
Microsoft Visual Studio Solution File, Format Version 12.00
# Visual Studio Version 16
VisualStudioVersion = 16.0.29609.76
MinimumVisualStudioVersion = 10.0.40219.1
Project("{8BC9CEB8-8B4A-11D0-8D11-00A0C91BC942}") = "2805 나무자르기", "2805 나무자르기\2805 나무자르기.vcxproj", "{E49561D9-2B47-4CD9-8CAC-58C569FEC03E}"
EndProject
Global
	GlobalSection(SolutionConfigurationPlatforms) = preSolution
		Debug|x64 = Debug|x64
		Debug|x86 = Debug|x86
		Release|x64 = Release|x64
		Release|x86 = Release|x86
	EndGlobalSection
	GlobalSection(ProjectConfigurationPlatforms) = postSolution
		{E49561D9-2B47-4CD9-8CAC-58C569FEC03E}.Debug|x64.ActiveCfg = Debug|x64
		{E49561D9-2B47-4CD9-8CAC-58C569FEC03E}.Debug|x64.Build.0 = Debug|x64
		{E49561D9-2B47-4CD9-8CAC-58C569FEC03E}.Debug|x86.ActiveCfg = Debug|Win32
		{E49561D9-2B47-4CD9-8CAC-58C569FEC03E}.Debug|x86.Build.0 = Debug|Win32
		{E49561D9-2B47-4CD9-8CAC-58C569FEC03E}.Release|x64.ActiveCfg = Release|x64
		{E49561D9-2B47-4CD9-8CAC-58C569FEC03E}.Release|x64.Build.0 = Release|x64
		{E49561D9-2B47-4CD9-8CAC-58C569FEC03E}.Release|x86.ActiveCfg = Release|Win32
		{E49561D9-2B47-4CD9-8CAC-58C569FEC03E}.Release|x86.Build.0 = Release|Win32
	EndGlobalSection
	GlobalSection(SolutionProperties) = preSolution
		HideSolutionNode = FALSE
	EndGlobalSection
	GlobalSection(ExtensibilityGlobals) = postSolution
		SolutionGuid = {943B9B35-EE01-4A26-9DBF-252A18A02F4C}
	EndGlobalSection
EndGlobal
