
Microsoft Visual Studio Solution File, Format Version 12.00
# Visual Studio Version 16
VisualStudioVersion = 16.0.29326.143
MinimumVisualStudioVersion = 10.0.40219.1
Project("{8BC9CEB8-8B4A-11D0-8D11-00A0C91BC942}") = "2475 검증수", "2475 검증수\2475 검증수.vcxproj", "{32FA8B52-DDA9-4284-A25B-32B42C5443EE}"
EndProject
Global
	GlobalSection(SolutionConfigurationPlatforms) = preSolution
		Debug|x64 = Debug|x64
		Debug|x86 = Debug|x86
		Release|x64 = Release|x64
		Release|x86 = Release|x86
	EndGlobalSection
	GlobalSection(ProjectConfigurationPlatforms) = postSolution
		{32FA8B52-DDA9-4284-A25B-32B42C5443EE}.Debug|x64.ActiveCfg = Debug|x64
		{32FA8B52-DDA9-4284-A25B-32B42C5443EE}.Debug|x64.Build.0 = Debug|x64
		{32FA8B52-DDA9-4284-A25B-32B42C5443EE}.Debug|x86.ActiveCfg = Debug|Win32
		{32FA8B52-DDA9-4284-A25B-32B42C5443EE}.Debug|x86.Build.0 = Debug|Win32
		{32FA8B52-DDA9-4284-A25B-32B42C5443EE}.Release|x64.ActiveCfg = Release|x64
		{32FA8B52-DDA9-4284-A25B-32B42C5443EE}.Release|x64.Build.0 = Release|x64
		{32FA8B52-DDA9-4284-A25B-32B42C5443EE}.Release|x86.ActiveCfg = Release|Win32
		{32FA8B52-DDA9-4284-A25B-32B42C5443EE}.Release|x86.Build.0 = Release|Win32
	EndGlobalSection
	GlobalSection(SolutionProperties) = preSolution
		HideSolutionNode = FALSE
	EndGlobalSection
	GlobalSection(ExtensibilityGlobals) = postSolution
		SolutionGuid = {D71377D5-C105-4CB0-8E19-95B9AAE3CA6E}
	EndGlobalSection
EndGlobal
