
Microsoft Visual Studio Solution File, Format Version 12.00
# Visual Studio Version 16
VisualStudioVersion = 16.0.29609.76
MinimumVisualStudioVersion = 10.0.40219.1
Project("{8BC9CEB8-8B4A-11D0-8D11-00A0C91BC942}") = "RGB거리-1149", "RGB거리-1149\RGB거리-1149.vcxproj", "{0CF9CE22-C309-4F49-97D0-A31DF669A590}"
EndProject
Global
	GlobalSection(SolutionConfigurationPlatforms) = preSolution
		Debug|x64 = Debug|x64
		Debug|x86 = Debug|x86
		Release|x64 = Release|x64
		Release|x86 = Release|x86
	EndGlobalSection
	GlobalSection(ProjectConfigurationPlatforms) = postSolution
		{0CF9CE22-C309-4F49-97D0-A31DF669A590}.Debug|x64.ActiveCfg = Debug|x64
		{0CF9CE22-C309-4F49-97D0-A31DF669A590}.Debug|x64.Build.0 = Debug|x64
		{0CF9CE22-C309-4F49-97D0-A31DF669A590}.Debug|x86.ActiveCfg = Debug|Win32
		{0CF9CE22-C309-4F49-97D0-A31DF669A590}.Debug|x86.Build.0 = Debug|Win32
		{0CF9CE22-C309-4F49-97D0-A31DF669A590}.Release|x64.ActiveCfg = Release|x64
		{0CF9CE22-C309-4F49-97D0-A31DF669A590}.Release|x64.Build.0 = Release|x64
		{0CF9CE22-C309-4F49-97D0-A31DF669A590}.Release|x86.ActiveCfg = Release|Win32
		{0CF9CE22-C309-4F49-97D0-A31DF669A590}.Release|x86.Build.0 = Release|Win32
	EndGlobalSection
	GlobalSection(SolutionProperties) = preSolution
		HideSolutionNode = FALSE
	EndGlobalSection
	GlobalSection(ExtensibilityGlobals) = postSolution
		SolutionGuid = {C177F69B-AA76-4724-844E-35DC6E985A1A}
	EndGlobalSection
EndGlobal
