
Microsoft Visual Studio Solution File, Format Version 12.00
# Visual Studio Version 16
VisualStudioVersion = 16.0.29326.143
MinimumVisualStudioVersion = 10.0.40219.1
Project("{8BC9CEB8-8B4A-11D0-8D11-00A0C91BC942}") = "10820 문자열 분석", "10820 문자열 분석\10820 문자열 분석.vcxproj", "{6B5DDD3C-CBC5-46CB-86E2-D0622D6148D0}"
EndProject
Global
	GlobalSection(SolutionConfigurationPlatforms) = preSolution
		Debug|x64 = Debug|x64
		Debug|x86 = Debug|x86
		Release|x64 = Release|x64
		Release|x86 = Release|x86
	EndGlobalSection
	GlobalSection(ProjectConfigurationPlatforms) = postSolution
		{6B5DDD3C-CBC5-46CB-86E2-D0622D6148D0}.Debug|x64.ActiveCfg = Debug|x64
		{6B5DDD3C-CBC5-46CB-86E2-D0622D6148D0}.Debug|x64.Build.0 = Debug|x64
		{6B5DDD3C-CBC5-46CB-86E2-D0622D6148D0}.Debug|x86.ActiveCfg = Debug|Win32
		{6B5DDD3C-CBC5-46CB-86E2-D0622D6148D0}.Debug|x86.Build.0 = Debug|Win32
		{6B5DDD3C-CBC5-46CB-86E2-D0622D6148D0}.Release|x64.ActiveCfg = Release|x64
		{6B5DDD3C-CBC5-46CB-86E2-D0622D6148D0}.Release|x64.Build.0 = Release|x64
		{6B5DDD3C-CBC5-46CB-86E2-D0622D6148D0}.Release|x86.ActiveCfg = Release|Win32
		{6B5DDD3C-CBC5-46CB-86E2-D0622D6148D0}.Release|x86.Build.0 = Release|Win32
	EndGlobalSection
	GlobalSection(SolutionProperties) = preSolution
		HideSolutionNode = FALSE
	EndGlobalSection
	GlobalSection(ExtensibilityGlobals) = postSolution
		SolutionGuid = {C3E5824E-1BCB-465D-81A2-5FBEDBF02251}
	EndGlobalSection
EndGlobal
