
Microsoft Visual Studio Solution File, Format Version 12.00
# Visual Studio 15
VisualStudioVersion = 15.0.28010.2016
MinimumVisualStudioVersion = 10.0.40219.1
Project("{8BC9CEB8-8B4A-11D0-8D11-00A0C91BC942}") = "1094", "1094.vcxproj", "{48390D56-8251-4701-885C-1F6E49C2779A}"
EndProject
Project("{8BC9CEB8-8B4A-11D0-8D11-00A0C91BC942}") = "1008", "..\1008\1008.vcxproj", "{9AB99A7B-F3E0-439E-B8A9-2624A47A6F02}"
EndProject
Project("{8BC9CEB8-8B4A-11D0-8D11-00A0C91BC942}") = "1065", "1065\1065.vcxproj", "{D8A6F1FF-32D4-45FB-9937-E7717B4656D0}"
EndProject
Project("{8BC9CEB8-8B4A-11D0-8D11-00A0C91BC942}") = "1330", "..\1330\1330.vcxproj", "{7F747B3C-F033-4AFA-B1E8-6FDFADC765B5}"
EndProject
Project("{8BC9CEB8-8B4A-11D0-8D11-00A0C91BC942}") = "9498", "..\9498\9498.vcxproj", "{C17E54D3-7BE6-48B2-940A-2731106666CC}"
EndProject
Project("{8BC9CEB8-8B4A-11D0-8D11-00A0C91BC942}") = "2753", "..\2753\2753.vcxproj", "{FE134880-0045-4F7C-8A80-0DECAE442F1B}"
EndProject
Project("{8BC9CEB8-8B4A-11D0-8D11-00A0C91BC942}") = "2884", "..\2884\2884.vcxproj", "{F42CEE14-CF64-4B40-986C-8CDB6E624959}"
EndProject
Project("{8BC9CEB8-8B4A-11D0-8D11-00A0C91BC942}") = "10817", "..\10817\10817.vcxproj", "{D4E8A209-A3CD-4FCA-B051-BF95F890D2B3}"
EndProject
Project("{8BC9CEB8-8B4A-11D0-8D11-00A0C91BC942}") = "2739", "..\2739\2739.vcxproj", "{F65B8E5B-F9DC-4D15-B16F-FA4ED630BA27}"
EndProject
Project("{8BC9CEB8-8B4A-11D0-8D11-00A0C91BC942}") = "10950", "..\10950\10950.vcxproj", "{CF090166-7A2A-457D-996C-34FC839BCE9B}"
EndProject
Project("{8BC9CEB8-8B4A-11D0-8D11-00A0C91BC942}") = "8393", "..\8393\8393.vcxproj", "{F172211C-4F8F-454D-8C16-430484FB039F}"
EndProject
Project("{8BC9CEB8-8B4A-11D0-8D11-00A0C91BC942}") = "11021", "..\11021\11021.vcxproj", "{DE899DF6-3D2A-43C5-88DE-A32F9365AE36}"
EndProject
Project("{8BC9CEB8-8B4A-11D0-8D11-00A0C91BC942}") = "2438", "..\2438\2438.vcxproj", "{4B5A11E7-B1A9-48C4-85FA-9E9CDD659B71}"
EndProject
Project("{8BC9CEB8-8B4A-11D0-8D11-00A0C91BC942}") = "2439 별찍기-2", "..\2439 별찍기-2\2439 별찍기-2.vcxproj", "{714CA15A-2D24-488F-9CA8-57E830D04CB6}"
EndProject
Project("{8BC9CEB8-8B4A-11D0-8D11-00A0C91BC942}") = "10871 X보다작은수", "..\10871 X보다작은수\10871 X보다작은수.vcxproj", "{6C9D9A8D-22A8-44D6-BC9B-79C8B35969A7}"
EndProject
Project("{8BC9CEB8-8B4A-11D0-8D11-00A0C91BC942}") = "10952 A+B-5", "..\10952 A+B-5\10952 A+B-5.vcxproj", "{430F3131-2532-4FDD-AA29-AE764668F381}"
EndProject
Project("{8BC9CEB8-8B4A-11D0-8D11-00A0C91BC942}") = "1110 더하기사이클", "..\1110 더하기사이클\1110 더하기사이클.vcxproj", "{57ADACC0-D7AD-4A42-86CB-587D66385F0E}"
EndProject
Project("{8BC9CEB8-8B4A-11D0-8D11-00A0C91BC942}") = "10818 최소,최대", "..\10818 최소,최대\10818 최소,최대.vcxproj", "{8D4477F6-CD49-489D-BF19-7354D24697F9}"
EndProject
Project("{8BC9CEB8-8B4A-11D0-8D11-00A0C91BC942}") = "2562 최댓값", "..\2562 최댓값\2562 최댓값.vcxproj", "{12E5B13B-21C7-48B1-96A7-29FE1056CA2C}"
EndProject
Project("{8BC9CEB8-8B4A-11D0-8D11-00A0C91BC942}") = "2920 음계", "..\2920 음계\2920 음계.vcxproj", "{1D9F1C5D-0AF2-4338-BAFF-1870E4C78540}"
EndProject
Project("{8BC9CEB8-8B4A-11D0-8D11-00A0C91BC942}") = "2577 숫자의 개수", "..\2577 숫자의 개수\2577 숫자의 개수.vcxproj", "{EF8D8819-E813-4175-81A1-D70334D42E4F}"
EndProject
Project("{8BC9CEB8-8B4A-11D0-8D11-00A0C91BC942}") = "3052 나머지", "..\3052 나머지\3052 나머지.vcxproj", "{80E636CD-832C-48E2-8B25-0483B571E65E}"
EndProject
Project("{8BC9CEB8-8B4A-11D0-8D11-00A0C91BC942}") = "1546 평균", "..\1546 평균\1546 평균.vcxproj", "{36220082-59DF-4CED-A703-424C11627DA5}"
EndProject
Project("{8BC9CEB8-8B4A-11D0-8D11-00A0C91BC942}") = "8958", "..\8958\8958.vcxproj", "{A05FC579-76BA-4359-9A46-E598947D3026}"
EndProject
Project("{8BC9CEB8-8B4A-11D0-8D11-00A0C91BC942}") = "4344 평균은 넘겠지", "..\4344 평균은 넘겠지\4344 평균은 넘겠지.vcxproj", "{1FA078EB-F5DC-424D-827E-CF15A632C953}"
EndProject
Project("{8BC9CEB8-8B4A-11D0-8D11-00A0C91BC942}") = "15596 정수N개의 합", "..\15596 정수N개의 합\15596 정수N개의 합.vcxproj", "{3F05924B-AFF8-4319-B696-F668B24902F1}"
EndProject
Project("{8BC9CEB8-8B4A-11D0-8D11-00A0C91BC942}") = "4673 셀프넘버", "..\4673 셀프넘버\4673 셀프넘버.vcxproj", "{BCDB52E3-95F1-4C40-B8B0-9BAE2CC16D8F}"
EndProject
Project("{8BC9CEB8-8B4A-11D0-8D11-00A0C91BC942}") = "10872 팩토리얼", "..\10872 팩토리얼\10872 팩토리얼.vcxproj", "{C41BA783-1C66-4D08-A775-D5176D463C0D}"
EndProject
Project("{8BC9CEB8-8B4A-11D0-8D11-00A0C91BC942}") = "2447 별찍기 -10", "..\2447 별찍기 -10\2447 별찍기 -10.vcxproj", "{A63EB2FF-8A99-46C2-8EFE-5E3103C162CC}"
EndProject
Project("{8BC9CEB8-8B4A-11D0-8D11-00A0C91BC942}") = "1712 손익분기점", "..\1712 손익분기점\1712 손익분기점.vcxproj", "{006B125D-019D-47F8-844C-DB9408FF49B2}"
EndProject
Project("{8BC9CEB8-8B4A-11D0-8D11-00A0C91BC942}") = "2869 달팽이는 올라가고 싶다", "..\2869 달팽이는 올라가고 싶다\2869 달팽이는 올라가고 싶다.vcxproj", "{66C73C1A-7AB6-4676-BA0D-C0CA35B5D607}"
EndProject
Project("{8BC9CEB8-8B4A-11D0-8D11-00A0C91BC942}") = "2798 블랙잭", "..\2798 블랙잭\2798 블랙잭.vcxproj", "{9936ACB4-1300-41E6-897B-82B0EDE15F2A}"
EndProject
Project("{8BC9CEB8-8B4A-11D0-8D11-00A0C91BC942}") = "17362 수학은 체육과목입니다2", "..\17362 수학은 체육과목입니다2\17362 수학은 체육과목입니다2.vcxproj", "{61FFF5FF-65D7-4DBE-A654-2FF4B2C21CDC}"
EndProject
Project("{8BC9CEB8-8B4A-11D0-8D11-00A0C91BC942}") = "17363 우유가 넘어지면", "17363 우유가 넘어지면\17363 우유가 넘어지면.vcxproj", "{78AFF9AB-03CB-4106-B7C9-6AB2A41A8E4B}"
EndProject
Project("{8BC9CEB8-8B4A-11D0-8D11-00A0C91BC942}") = "10828 스택", "..\10828 스택\10828 스택.vcxproj", "{166CAE7A-15A5-4ADD-AA48-C1967CA1C62D}"
EndProject
Project("{8BC9CEB8-8B4A-11D0-8D11-00A0C91BC942}") = "2748 피보나치수2", "2748 피보나치수2\2748 피보나치수2.vcxproj", "{4FCDA385-39FA-434A-BC60-E88898F5FDBC}"
EndProject
Project("{8BC9CEB8-8B4A-11D0-8D11-00A0C91BC942}") = "11729 하노이탑 이동순서", "..\11729 하노이탑 이동순서\11729 하노이탑 이동순서.vcxproj", "{41F0205B-9D85-450A-A69E-CE808E6C34E5}"
EndProject
Project("{8BC9CEB8-8B4A-11D0-8D11-00A0C91BC942}") = "11720 숫자의 합", "11720 숫자의 합\11720 숫자의 합.vcxproj", "{84D6D842-D25F-4B57-8797-B048EB5C81FC}"
EndProject
Project("{8BC9CEB8-8B4A-11D0-8D11-00A0C91BC942}") = "10809 알파벳 찾기", "10809 알파벳 찾기\10809 알파벳 찾기.vcxproj", "{CA1C9A10-1197-4F66-B021-62A326253460}"
EndProject
Project("{8BC9CEB8-8B4A-11D0-8D11-00A0C91BC942}") = "2675 문자열 반복", "2675 문자열 반복\2675 문자열 반복.vcxproj", "{F12CB038-0400-4E48-BDD6-551A62460DAE}"
EndProject
Project("{8BC9CEB8-8B4A-11D0-8D11-00A0C91BC942}") = "1157 단어공부", "1157 단어공부\1157 단어공부.vcxproj", "{D3AF445B-ED5A-411D-AF3B-5607A93C8581}"
EndProject
Project("{8BC9CEB8-8B4A-11D0-8D11-00A0C91BC942}") = "1152 단어의 개수", "1152 단어의 개수\1152 단어의 개수.vcxproj", "{482BF37B-6FFE-43E0-9CF5-96AAEB941CDF}"
EndProject
Project("{8BC9CEB8-8B4A-11D0-8D11-00A0C91BC942}") = "2908 상수", "..\2908 상수\2908 상수.vcxproj", "{8C840CDC-2964-4D0D-BEE5-C09CF772F482}"
EndProject
Project("{8BC9CEB8-8B4A-11D0-8D11-00A0C91BC942}") = "5622 다이얼", "5622 다이얼\5622 다이얼.vcxproj", "{9DCBB93A-BBCD-43D9-A0B1-AB006335DB34}"
EndProject
Project("{8BC9CEB8-8B4A-11D0-8D11-00A0C91BC942}") = "2941 크로아티아 알파벳", "2941 크로아티아 알파벳\2941 크로아티아 알파벳.vcxproj", "{348AE6D5-61F8-442C-818C-7628BA26E2C3}"
EndProject
Project("{8BC9CEB8-8B4A-11D0-8D11-00A0C91BC942}") = "1316 그룹단어체커", "1316 그룹단어체커\1316 그룹단어체커.vcxproj", "{5CDA20C2-3916-4679-A455-4342E6ED90E9}"
EndProject
Project("{8BC9CEB8-8B4A-11D0-8D11-00A0C91BC942}") = "2839 설탕배달", "2839 설탕배달\2839 설탕배달.vcxproj", "{A2B9E27C-DECD-4F99-A83C-F32F96CCF542}"
EndProject
Project("{8BC9CEB8-8B4A-11D0-8D11-00A0C91BC942}") = "2292 벌집", "2292 벌집\2292 벌집.vcxproj", "{BA0760EF-D9E3-4469-BADD-E864DB096DC2}"
EndProject
Project("{8BC9CEB8-8B4A-11D0-8D11-00A0C91BC942}") = "1193 분수찾기", "..\1193 분수찾기\1193 분수찾기.vcxproj", "{204B1EC1-C4A3-4BD4-91EA-E567261FB7FE}"
EndProject
Project("{8BC9CEB8-8B4A-11D0-8D11-00A0C91BC942}") = "2443 별찍기 -6", "2443 별찍기 -6\2443 별찍기 -6.vcxproj", "{98D92C13-1BD4-4CB5-84EE-F6C91079392F}"
EndProject
Project("{8BC9CEB8-8B4A-11D0-8D11-00A0C91BC942}") = "2444 별찍기 -7", "2444 별찍기 -7\2444 별찍기 -7.vcxproj", "{5B76A86C-B3CD-441C-A24E-833BBF09D80B}"
EndProject
Project("{8BC9CEB8-8B4A-11D0-8D11-00A0C91BC942}") = "2445 별찍기 -8", "2445 별찍기 -8\2445 별찍기 -8.vcxproj", "{4043E66A-4C4B-4BE0-928D-FC7BC5A0FF07}"
EndProject
Project("{8BC9CEB8-8B4A-11D0-8D11-00A0C91BC942}") = "2446 별찍기 -9", "2446 별찍기 -9\2446 별찍기 -9.vcxproj", "{A895981E-7C10-4C9C-8E70-DE47EB24CE50}"
EndProject
Project("{8BC9CEB8-8B4A-11D0-8D11-00A0C91BC942}") = "2522 별찍기 -12", "2448 별찍기 -11\2448 별찍기 -11.vcxproj", "{341F7BDF-34D1-4017-93F5-4949A60792E2}"
EndProject
Project("{8BC9CEB8-8B4A-11D0-8D11-00A0C91BC942}") = "2523 별찍기-13", "2523 별찍기-13\2523 별찍기-13.vcxproj", "{08AE4737-EC56-40F9-A449-5B46866533AF}"
EndProject
Project("{8BC9CEB8-8B4A-11D0-8D11-00A0C91BC942}") = "1011 Fly me to the Alpha Centauri", "..\1011 Fly me to the Alpha Centauri\1011 Fly me to the Alpha Centauri.vcxproj", "{8412069B-A025-432A-AB31-98B78998EAFF}"
EndProject
Project("{8BC9CEB8-8B4A-11D0-8D11-00A0C91BC942}") = "10953 A+B-6", "..\10953 A+B-6\10953 A+B-6.vcxproj", "{AA6421A7-DAB1-429E-9335-7890BAC1AFF5}"
EndProject
Project("{8BC9CEB8-8B4A-11D0-8D11-00A0C91BC942}") = "11718 그대로출력하기", "11718 그대로출력하기\11718 그대로출력하기.vcxproj", "{7EB2AD45-ED0C-4622-BA68-F71212AEFF47}"
EndProject
Project("{8BC9CEB8-8B4A-11D0-8D11-00A0C91BC942}") = "1924 2007년", "1924 2007년\1924 2007년.vcxproj", "{392CF95D-1DAF-4DA7-BAB7-EB61A85B7A8A}"
EndProject
Global
	GlobalSection(SolutionConfigurationPlatforms) = preSolution
		Debug|x64 = Debug|x64
		Debug|x86 = Debug|x86
		Release|x64 = Release|x64
		Release|x86 = Release|x86
	EndGlobalSection
	GlobalSection(ProjectConfigurationPlatforms) = postSolution
		{48390D56-8251-4701-885C-1F6E49C2779A}.Debug|x64.ActiveCfg = Debug|x64
		{48390D56-8251-4701-885C-1F6E49C2779A}.Debug|x64.Build.0 = Debug|x64
		{48390D56-8251-4701-885C-1F6E49C2779A}.Debug|x86.ActiveCfg = Debug|Win32
		{48390D56-8251-4701-885C-1F6E49C2779A}.Debug|x86.Build.0 = Debug|Win32
		{48390D56-8251-4701-885C-1F6E49C2779A}.Release|x64.ActiveCfg = Release|x64
		{48390D56-8251-4701-885C-1F6E49C2779A}.Release|x64.Build.0 = Release|x64
		{48390D56-8251-4701-885C-1F6E49C2779A}.Release|x86.ActiveCfg = Release|Win32
		{48390D56-8251-4701-885C-1F6E49C2779A}.Release|x86.Build.0 = Release|Win32
		{9AB99A7B-F3E0-439E-B8A9-2624A47A6F02}.Debug|x64.ActiveCfg = Debug|x64
		{9AB99A7B-F3E0-439E-B8A9-2624A47A6F02}.Debug|x64.Build.0 = Debug|x64
		{9AB99A7B-F3E0-439E-B8A9-2624A47A6F02}.Debug|x86.ActiveCfg = Debug|Win32
		{9AB99A7B-F3E0-439E-B8A9-2624A47A6F02}.Debug|x86.Build.0 = Debug|Win32
		{9AB99A7B-F3E0-439E-B8A9-2624A47A6F02}.Release|x64.ActiveCfg = Release|x64
		{9AB99A7B-F3E0-439E-B8A9-2624A47A6F02}.Release|x64.Build.0 = Release|x64
		{9AB99A7B-F3E0-439E-B8A9-2624A47A6F02}.Release|x86.ActiveCfg = Release|Win32
		{9AB99A7B-F3E0-439E-B8A9-2624A47A6F02}.Release|x86.Build.0 = Release|Win32
		{D8A6F1FF-32D4-45FB-9937-E7717B4656D0}.Debug|x64.ActiveCfg = Debug|x64
		{D8A6F1FF-32D4-45FB-9937-E7717B4656D0}.Debug|x64.Build.0 = Debug|x64
		{D8A6F1FF-32D4-45FB-9937-E7717B4656D0}.Debug|x86.ActiveCfg = Debug|Win32
		{D8A6F1FF-32D4-45FB-9937-E7717B4656D0}.Debug|x86.Build.0 = Debug|Win32
		{D8A6F1FF-32D4-45FB-9937-E7717B4656D0}.Release|x64.ActiveCfg = Release|x64
		{D8A6F1FF-32D4-45FB-9937-E7717B4656D0}.Release|x64.Build.0 = Release|x64
		{D8A6F1FF-32D4-45FB-9937-E7717B4656D0}.Release|x86.ActiveCfg = Release|Win32
		{D8A6F1FF-32D4-45FB-9937-E7717B4656D0}.Release|x86.Build.0 = Release|Win32
		{7F747B3C-F033-4AFA-B1E8-6FDFADC765B5}.Debug|x64.ActiveCfg = Debug|x64
		{7F747B3C-F033-4AFA-B1E8-6FDFADC765B5}.Debug|x64.Build.0 = Debug|x64
		{7F747B3C-F033-4AFA-B1E8-6FDFADC765B5}.Debug|x86.ActiveCfg = Debug|Win32
		{7F747B3C-F033-4AFA-B1E8-6FDFADC765B5}.Debug|x86.Build.0 = Debug|Win32
		{7F747B3C-F033-4AFA-B1E8-6FDFADC765B5}.Release|x64.ActiveCfg = Release|x64
		{7F747B3C-F033-4AFA-B1E8-6FDFADC765B5}.Release|x64.Build.0 = Release|x64
		{7F747B3C-F033-4AFA-B1E8-6FDFADC765B5}.Release|x86.ActiveCfg = Release|Win32
		{7F747B3C-F033-4AFA-B1E8-6FDFADC765B5}.Release|x86.Build.0 = Release|Win32
		{C17E54D3-7BE6-48B2-940A-2731106666CC}.Debug|x64.ActiveCfg = Debug|x64
		{C17E54D3-7BE6-48B2-940A-2731106666CC}.Debug|x64.Build.0 = Debug|x64
		{C17E54D3-7BE6-48B2-940A-2731106666CC}.Debug|x86.ActiveCfg = Debug|Win32
		{C17E54D3-7BE6-48B2-940A-2731106666CC}.Debug|x86.Build.0 = Debug|Win32
		{C17E54D3-7BE6-48B2-940A-2731106666CC}.Release|x64.ActiveCfg = Release|x64
		{C17E54D3-7BE6-48B2-940A-2731106666CC}.Release|x64.Build.0 = Release|x64
		{C17E54D3-7BE6-48B2-940A-2731106666CC}.Release|x86.ActiveCfg = Release|Win32
		{C17E54D3-7BE6-48B2-940A-2731106666CC}.Release|x86.Build.0 = Release|Win32
		{FE134880-0045-4F7C-8A80-0DECAE442F1B}.Debug|x64.ActiveCfg = Debug|x64
		{FE134880-0045-4F7C-8A80-0DECAE442F1B}.Debug|x64.Build.0 = Debug|x64
		{FE134880-0045-4F7C-8A80-0DECAE442F1B}.Debug|x86.ActiveCfg = Debug|Win32
		{FE134880-0045-4F7C-8A80-0DECAE442F1B}.Debug|x86.Build.0 = Debug|Win32
		{FE134880-0045-4F7C-8A80-0DECAE442F1B}.Release|x64.ActiveCfg = Release|x64
		{FE134880-0045-4F7C-8A80-0DECAE442F1B}.Release|x64.Build.0 = Release|x64
		{FE134880-0045-4F7C-8A80-0DECAE442F1B}.Release|x86.ActiveCfg = Release|Win32
		{FE134880-0045-4F7C-8A80-0DECAE442F1B}.Release|x86.Build.0 = Release|Win32
		{F42CEE14-CF64-4B40-986C-8CDB6E624959}.Debug|x64.ActiveCfg = Debug|x64
		{F42CEE14-CF64-4B40-986C-8CDB6E624959}.Debug|x64.Build.0 = Debug|x64
		{F42CEE14-CF64-4B40-986C-8CDB6E624959}.Debug|x86.ActiveCfg = Debug|Win32
		{F42CEE14-CF64-4B40-986C-8CDB6E624959}.Debug|x86.Build.0 = Debug|Win32
		{F42CEE14-CF64-4B40-986C-8CDB6E624959}.Release|x64.ActiveCfg = Release|x64
		{F42CEE14-CF64-4B40-986C-8CDB6E624959}.Release|x64.Build.0 = Release|x64
		{F42CEE14-CF64-4B40-986C-8CDB6E624959}.Release|x86.ActiveCfg = Release|Win32
		{F42CEE14-CF64-4B40-986C-8CDB6E624959}.Release|x86.Build.0 = Release|Win32
		{D4E8A209-A3CD-4FCA-B051-BF95F890D2B3}.Debug|x64.ActiveCfg = Debug|x64
		{D4E8A209-A3CD-4FCA-B051-BF95F890D2B3}.Debug|x64.Build.0 = Debug|x64
		{D4E8A209-A3CD-4FCA-B051-BF95F890D2B3}.Debug|x86.ActiveCfg = Debug|Win32
		{D4E8A209-A3CD-4FCA-B051-BF95F890D2B3}.Debug|x86.Build.0 = Debug|Win32
		{D4E8A209-A3CD-4FCA-B051-BF95F890D2B3}.Release|x64.ActiveCfg = Release|x64
		{D4E8A209-A3CD-4FCA-B051-BF95F890D2B3}.Release|x64.Build.0 = Release|x64
		{D4E8A209-A3CD-4FCA-B051-BF95F890D2B3}.Release|x86.ActiveCfg = Release|Win32
		{D4E8A209-A3CD-4FCA-B051-BF95F890D2B3}.Release|x86.Build.0 = Release|Win32
		{F65B8E5B-F9DC-4D15-B16F-FA4ED630BA27}.Debug|x64.ActiveCfg = Debug|x64
		{F65B8E5B-F9DC-4D15-B16F-FA4ED630BA27}.Debug|x64.Build.0 = Debug|x64
		{F65B8E5B-F9DC-4D15-B16F-FA4ED630BA27}.Debug|x86.ActiveCfg = Debug|Win32
		{F65B8E5B-F9DC-4D15-B16F-FA4ED630BA27}.Debug|x86.Build.0 = Debug|Win32
		{F65B8E5B-F9DC-4D15-B16F-FA4ED630BA27}.Release|x64.ActiveCfg = Release|x64
		{F65B8E5B-F9DC-4D15-B16F-FA4ED630BA27}.Release|x64.Build.0 = Release|x64
		{F65B8E5B-F9DC-4D15-B16F-FA4ED630BA27}.Release|x86.ActiveCfg = Release|Win32
		{F65B8E5B-F9DC-4D15-B16F-FA4ED630BA27}.Release|x86.Build.0 = Release|Win32
		{CF090166-7A2A-457D-996C-34FC839BCE9B}.Debug|x64.ActiveCfg = Debug|x64
		{CF090166-7A2A-457D-996C-34FC839BCE9B}.Debug|x64.Build.0 = Debug|x64
		{CF090166-7A2A-457D-996C-34FC839BCE9B}.Debug|x86.ActiveCfg = Debug|Win32
		{CF090166-7A2A-457D-996C-34FC839BCE9B}.Debug|x86.Build.0 = Debug|Win32
		{CF090166-7A2A-457D-996C-34FC839BCE9B}.Release|x64.ActiveCfg = Release|x64
		{CF090166-7A2A-457D-996C-34FC839BCE9B}.Release|x64.Build.0 = Release|x64
		{CF090166-7A2A-457D-996C-34FC839BCE9B}.Release|x86.ActiveCfg = Release|Win32
		{CF090166-7A2A-457D-996C-34FC839BCE9B}.Release|x86.Build.0 = Release|Win32
		{F172211C-4F8F-454D-8C16-430484FB039F}.Debug|x64.ActiveCfg = Debug|x64
		{F172211C-4F8F-454D-8C16-430484FB039F}.Debug|x64.Build.0 = Debug|x64
		{F172211C-4F8F-454D-8C16-430484FB039F}.Debug|x86.ActiveCfg = Debug|Win32
		{F172211C-4F8F-454D-8C16-430484FB039F}.Debug|x86.Build.0 = Debug|Win32
		{F172211C-4F8F-454D-8C16-430484FB039F}.Release|x64.ActiveCfg = Release|x64
		{F172211C-4F8F-454D-8C16-430484FB039F}.Release|x64.Build.0 = Release|x64
		{F172211C-4F8F-454D-8C16-430484FB039F}.Release|x86.ActiveCfg = Release|Win32
		{F172211C-4F8F-454D-8C16-430484FB039F}.Release|x86.Build.0 = Release|Win32
		{DE899DF6-3D2A-43C5-88DE-A32F9365AE36}.Debug|x64.ActiveCfg = Debug|x64
		{DE899DF6-3D2A-43C5-88DE-A32F9365AE36}.Debug|x64.Build.0 = Debug|x64
		{DE899DF6-3D2A-43C5-88DE-A32F9365AE36}.Debug|x86.ActiveCfg = Debug|Win32
		{DE899DF6-3D2A-43C5-88DE-A32F9365AE36}.Debug|x86.Build.0 = Debug|Win32
		{DE899DF6-3D2A-43C5-88DE-A32F9365AE36}.Release|x64.ActiveCfg = Release|x64
		{DE899DF6-3D2A-43C5-88DE-A32F9365AE36}.Release|x64.Build.0 = Release|x64
		{DE899DF6-3D2A-43C5-88DE-A32F9365AE36}.Release|x86.ActiveCfg = Release|Win32
		{DE899DF6-3D2A-43C5-88DE-A32F9365AE36}.Release|x86.Build.0 = Release|Win32
		{4B5A11E7-B1A9-48C4-85FA-9E9CDD659B71}.Debug|x64.ActiveCfg = Debug|x64
		{4B5A11E7-B1A9-48C4-85FA-9E9CDD659B71}.Debug|x64.Build.0 = Debug|x64
		{4B5A11E7-B1A9-48C4-85FA-9E9CDD659B71}.Debug|x86.ActiveCfg = Debug|Win32
		{4B5A11E7-B1A9-48C4-85FA-9E9CDD659B71}.Debug|x86.Build.0 = Debug|Win32
		{4B5A11E7-B1A9-48C4-85FA-9E9CDD659B71}.Release|x64.ActiveCfg = Release|x64
		{4B5A11E7-B1A9-48C4-85FA-9E9CDD659B71}.Release|x64.Build.0 = Release|x64
		{4B5A11E7-B1A9-48C4-85FA-9E9CDD659B71}.Release|x86.ActiveCfg = Release|Win32
		{4B5A11E7-B1A9-48C4-85FA-9E9CDD659B71}.Release|x86.Build.0 = Release|Win32
		{714CA15A-2D24-488F-9CA8-57E830D04CB6}.Debug|x64.ActiveCfg = Debug|x64
		{714CA15A-2D24-488F-9CA8-57E830D04CB6}.Debug|x64.Build.0 = Debug|x64
		{714CA15A-2D24-488F-9CA8-57E830D04CB6}.Debug|x86.ActiveCfg = Debug|Win32
		{714CA15A-2D24-488F-9CA8-57E830D04CB6}.Debug|x86.Build.0 = Debug|Win32
		{714CA15A-2D24-488F-9CA8-57E830D04CB6}.Release|x64.ActiveCfg = Release|x64
		{714CA15A-2D24-488F-9CA8-57E830D04CB6}.Release|x64.Build.0 = Release|x64
		{714CA15A-2D24-488F-9CA8-57E830D04CB6}.Release|x86.ActiveCfg = Release|Win32
		{714CA15A-2D24-488F-9CA8-57E830D04CB6}.Release|x86.Build.0 = Release|Win32
		{6C9D9A8D-22A8-44D6-BC9B-79C8B35969A7}.Debug|x64.ActiveCfg = Debug|x64
		{6C9D9A8D-22A8-44D6-BC9B-79C8B35969A7}.Debug|x64.Build.0 = Debug|x64
		{6C9D9A8D-22A8-44D6-BC9B-79C8B35969A7}.Debug|x86.ActiveCfg = Debug|Win32
		{6C9D9A8D-22A8-44D6-BC9B-79C8B35969A7}.Debug|x86.Build.0 = Debug|Win32
		{6C9D9A8D-22A8-44D6-BC9B-79C8B35969A7}.Release|x64.ActiveCfg = Release|x64
		{6C9D9A8D-22A8-44D6-BC9B-79C8B35969A7}.Release|x64.Build.0 = Release|x64
		{6C9D9A8D-22A8-44D6-BC9B-79C8B35969A7}.Release|x86.ActiveCfg = Release|Win32
		{6C9D9A8D-22A8-44D6-BC9B-79C8B35969A7}.Release|x86.Build.0 = Release|Win32
		{430F3131-2532-4FDD-AA29-AE764668F381}.Debug|x64.ActiveCfg = Debug|x64
		{430F3131-2532-4FDD-AA29-AE764668F381}.Debug|x64.Build.0 = Debug|x64
		{430F3131-2532-4FDD-AA29-AE764668F381}.Debug|x86.ActiveCfg = Debug|Win32
		{430F3131-2532-4FDD-AA29-AE764668F381}.Debug|x86.Build.0 = Debug|Win32
		{430F3131-2532-4FDD-AA29-AE764668F381}.Release|x64.ActiveCfg = Release|x64
		{430F3131-2532-4FDD-AA29-AE764668F381}.Release|x64.Build.0 = Release|x64
		{430F3131-2532-4FDD-AA29-AE764668F381}.Release|x86.ActiveCfg = Release|Win32
		{430F3131-2532-4FDD-AA29-AE764668F381}.Release|x86.Build.0 = Release|Win32
		{57ADACC0-D7AD-4A42-86CB-587D66385F0E}.Debug|x64.ActiveCfg = Debug|x64
		{57ADACC0-D7AD-4A42-86CB-587D66385F0E}.Debug|x64.Build.0 = Debug|x64
		{57ADACC0-D7AD-4A42-86CB-587D66385F0E}.Debug|x86.ActiveCfg = Debug|Win32
		{57ADACC0-D7AD-4A42-86CB-587D66385F0E}.Debug|x86.Build.0 = Debug|Win32
		{57ADACC0-D7AD-4A42-86CB-587D66385F0E}.Release|x64.ActiveCfg = Release|x64
		{57ADACC0-D7AD-4A42-86CB-587D66385F0E}.Release|x64.Build.0 = Release|x64
		{57ADACC0-D7AD-4A42-86CB-587D66385F0E}.Release|x86.ActiveCfg = Release|Win32
		{57ADACC0-D7AD-4A42-86CB-587D66385F0E}.Release|x86.Build.0 = Release|Win32
		{8D4477F6-CD49-489D-BF19-7354D24697F9}.Debug|x64.ActiveCfg = Debug|x64
		{8D4477F6-CD49-489D-BF19-7354D24697F9}.Debug|x64.Build.0 = Debug|x64
		{8D4477F6-CD49-489D-BF19-7354D24697F9}.Debug|x86.ActiveCfg = Debug|Win32
		{8D4477F6-CD49-489D-BF19-7354D24697F9}.Debug|x86.Build.0 = Debug|Win32
		{8D4477F6-CD49-489D-BF19-7354D24697F9}.Release|x64.ActiveCfg = Release|x64
		{8D4477F6-CD49-489D-BF19-7354D24697F9}.Release|x64.Build.0 = Release|x64
		{8D4477F6-CD49-489D-BF19-7354D24697F9}.Release|x86.ActiveCfg = Release|Win32
		{8D4477F6-CD49-489D-BF19-7354D24697F9}.Release|x86.Build.0 = Release|Win32
		{12E5B13B-21C7-48B1-96A7-29FE1056CA2C}.Debug|x64.ActiveCfg = Debug|x64
		{12E5B13B-21C7-48B1-96A7-29FE1056CA2C}.Debug|x64.Build.0 = Debug|x64
		{12E5B13B-21C7-48B1-96A7-29FE1056CA2C}.Debug|x86.ActiveCfg = Debug|Win32
		{12E5B13B-21C7-48B1-96A7-29FE1056CA2C}.Debug|x86.Build.0 = Debug|Win32
		{12E5B13B-21C7-48B1-96A7-29FE1056CA2C}.Release|x64.ActiveCfg = Release|x64
		{12E5B13B-21C7-48B1-96A7-29FE1056CA2C}.Release|x64.Build.0 = Release|x64
		{12E5B13B-21C7-48B1-96A7-29FE1056CA2C}.Release|x86.ActiveCfg = Release|Win32
		{12E5B13B-21C7-48B1-96A7-29FE1056CA2C}.Release|x86.Build.0 = Release|Win32
		{1D9F1C5D-0AF2-4338-BAFF-1870E4C78540}.Debug|x64.ActiveCfg = Debug|x64
		{1D9F1C5D-0AF2-4338-BAFF-1870E4C78540}.Debug|x64.Build.0 = Debug|x64
		{1D9F1C5D-0AF2-4338-BAFF-1870E4C78540}.Debug|x86.ActiveCfg = Debug|Win32
		{1D9F1C5D-0AF2-4338-BAFF-1870E4C78540}.Debug|x86.Build.0 = Debug|Win32
		{1D9F1C5D-0AF2-4338-BAFF-1870E4C78540}.Release|x64.ActiveCfg = Release|x64
		{1D9F1C5D-0AF2-4338-BAFF-1870E4C78540}.Release|x64.Build.0 = Release|x64
		{1D9F1C5D-0AF2-4338-BAFF-1870E4C78540}.Release|x86.ActiveCfg = Release|Win32
		{1D9F1C5D-0AF2-4338-BAFF-1870E4C78540}.Release|x86.Build.0 = Release|Win32
		{EF8D8819-E813-4175-81A1-D70334D42E4F}.Debug|x64.ActiveCfg = Debug|x64
		{EF8D8819-E813-4175-81A1-D70334D42E4F}.Debug|x64.Build.0 = Debug|x64
		{EF8D8819-E813-4175-81A1-D70334D42E4F}.Debug|x86.ActiveCfg = Debug|Win32
		{EF8D8819-E813-4175-81A1-D70334D42E4F}.Debug|x86.Build.0 = Debug|Win32
		{EF8D8819-E813-4175-81A1-D70334D42E4F}.Release|x64.ActiveCfg = Release|x64
		{EF8D8819-E813-4175-81A1-D70334D42E4F}.Release|x64.Build.0 = Release|x64
		{EF8D8819-E813-4175-81A1-D70334D42E4F}.Release|x86.ActiveCfg = Release|Win32
		{EF8D8819-E813-4175-81A1-D70334D42E4F}.Release|x86.Build.0 = Release|Win32
		{80E636CD-832C-48E2-8B25-0483B571E65E}.Debug|x64.ActiveCfg = Debug|x64
		{80E636CD-832C-48E2-8B25-0483B571E65E}.Debug|x64.Build.0 = Debug|x64
		{80E636CD-832C-48E2-8B25-0483B571E65E}.Debug|x86.ActiveCfg = Debug|Win32
		{80E636CD-832C-48E2-8B25-0483B571E65E}.Debug|x86.Build.0 = Debug|Win32
		{80E636CD-832C-48E2-8B25-0483B571E65E}.Release|x64.ActiveCfg = Release|x64
		{80E636CD-832C-48E2-8B25-0483B571E65E}.Release|x64.Build.0 = Release|x64
		{80E636CD-832C-48E2-8B25-0483B571E65E}.Release|x86.ActiveCfg = Release|Win32
		{80E636CD-832C-48E2-8B25-0483B571E65E}.Release|x86.Build.0 = Release|Win32
		{36220082-59DF-4CED-A703-424C11627DA5}.Debug|x64.ActiveCfg = Debug|x64
		{36220082-59DF-4CED-A703-424C11627DA5}.Debug|x64.Build.0 = Debug|x64
		{36220082-59DF-4CED-A703-424C11627DA5}.Debug|x86.ActiveCfg = Debug|Win32
		{36220082-59DF-4CED-A703-424C11627DA5}.Debug|x86.Build.0 = Debug|Win32
		{36220082-59DF-4CED-A703-424C11627DA5}.Release|x64.ActiveCfg = Release|x64
		{36220082-59DF-4CED-A703-424C11627DA5}.Release|x64.Build.0 = Release|x64
		{36220082-59DF-4CED-A703-424C11627DA5}.Release|x86.ActiveCfg = Release|Win32
		{36220082-59DF-4CED-A703-424C11627DA5}.Release|x86.Build.0 = Release|Win32
		{A05FC579-76BA-4359-9A46-E598947D3026}.Debug|x64.ActiveCfg = Debug|x64
		{A05FC579-76BA-4359-9A46-E598947D3026}.Debug|x64.Build.0 = Debug|x64
		{A05FC579-76BA-4359-9A46-E598947D3026}.Debug|x86.ActiveCfg = Debug|Win32
		{A05FC579-76BA-4359-9A46-E598947D3026}.Debug|x86.Build.0 = Debug|Win32
		{A05FC579-76BA-4359-9A46-E598947D3026}.Release|x64.ActiveCfg = Release|x64
		{A05FC579-76BA-4359-9A46-E598947D3026}.Release|x64.Build.0 = Release|x64
		{A05FC579-76BA-4359-9A46-E598947D3026}.Release|x86.ActiveCfg = Release|Win32
		{A05FC579-76BA-4359-9A46-E598947D3026}.Release|x86.Build.0 = Release|Win32
		{1FA078EB-F5DC-424D-827E-CF15A632C953}.Debug|x64.ActiveCfg = Debug|x64
		{1FA078EB-F5DC-424D-827E-CF15A632C953}.Debug|x64.Build.0 = Debug|x64
		{1FA078EB-F5DC-424D-827E-CF15A632C953}.Debug|x86.ActiveCfg = Debug|Win32
		{1FA078EB-F5DC-424D-827E-CF15A632C953}.Debug|x86.Build.0 = Debug|Win32
		{1FA078EB-F5DC-424D-827E-CF15A632C953}.Release|x64.ActiveCfg = Release|x64
		{1FA078EB-F5DC-424D-827E-CF15A632C953}.Release|x64.Build.0 = Release|x64
		{1FA078EB-F5DC-424D-827E-CF15A632C953}.Release|x86.ActiveCfg = Release|Win32
		{1FA078EB-F5DC-424D-827E-CF15A632C953}.Release|x86.Build.0 = Release|Win32
		{3F05924B-AFF8-4319-B696-F668B24902F1}.Debug|x64.ActiveCfg = Debug|x64
		{3F05924B-AFF8-4319-B696-F668B24902F1}.Debug|x64.Build.0 = Debug|x64
		{3F05924B-AFF8-4319-B696-F668B24902F1}.Debug|x86.ActiveCfg = Debug|Win32
		{3F05924B-AFF8-4319-B696-F668B24902F1}.Debug|x86.Build.0 = Debug|Win32
		{3F05924B-AFF8-4319-B696-F668B24902F1}.Release|x64.ActiveCfg = Release|x64
		{3F05924B-AFF8-4319-B696-F668B24902F1}.Release|x64.Build.0 = Release|x64
		{3F05924B-AFF8-4319-B696-F668B24902F1}.Release|x86.ActiveCfg = Release|Win32
		{3F05924B-AFF8-4319-B696-F668B24902F1}.Release|x86.Build.0 = Release|Win32
		{BCDB52E3-95F1-4C40-B8B0-9BAE2CC16D8F}.Debug|x64.ActiveCfg = Debug|x64
		{BCDB52E3-95F1-4C40-B8B0-9BAE2CC16D8F}.Debug|x64.Build.0 = Debug|x64
		{BCDB52E3-95F1-4C40-B8B0-9BAE2CC16D8F}.Debug|x86.ActiveCfg = Debug|Win32
		{BCDB52E3-95F1-4C40-B8B0-9BAE2CC16D8F}.Debug|x86.Build.0 = Debug|Win32
		{BCDB52E3-95F1-4C40-B8B0-9BAE2CC16D8F}.Release|x64.ActiveCfg = Release|x64
		{BCDB52E3-95F1-4C40-B8B0-9BAE2CC16D8F}.Release|x64.Build.0 = Release|x64
		{BCDB52E3-95F1-4C40-B8B0-9BAE2CC16D8F}.Release|x86.ActiveCfg = Release|Win32
		{BCDB52E3-95F1-4C40-B8B0-9BAE2CC16D8F}.Release|x86.Build.0 = Release|Win32
		{C41BA783-1C66-4D08-A775-D5176D463C0D}.Debug|x64.ActiveCfg = Debug|x64
		{C41BA783-1C66-4D08-A775-D5176D463C0D}.Debug|x64.Build.0 = Debug|x64
		{C41BA783-1C66-4D08-A775-D5176D463C0D}.Debug|x86.ActiveCfg = Debug|Win32
		{C41BA783-1C66-4D08-A775-D5176D463C0D}.Debug|x86.Build.0 = Debug|Win32
		{C41BA783-1C66-4D08-A775-D5176D463C0D}.Release|x64.ActiveCfg = Release|x64
		{C41BA783-1C66-4D08-A775-D5176D463C0D}.Release|x64.Build.0 = Release|x64
		{C41BA783-1C66-4D08-A775-D5176D463C0D}.Release|x86.ActiveCfg = Release|Win32
		{C41BA783-1C66-4D08-A775-D5176D463C0D}.Release|x86.Build.0 = Release|Win32
		{A63EB2FF-8A99-46C2-8EFE-5E3103C162CC}.Debug|x64.ActiveCfg = Debug|x64
		{A63EB2FF-8A99-46C2-8EFE-5E3103C162CC}.Debug|x64.Build.0 = Debug|x64
		{A63EB2FF-8A99-46C2-8EFE-5E3103C162CC}.Debug|x86.ActiveCfg = Debug|Win32
		{A63EB2FF-8A99-46C2-8EFE-5E3103C162CC}.Debug|x86.Build.0 = Debug|Win32
		{A63EB2FF-8A99-46C2-8EFE-5E3103C162CC}.Release|x64.ActiveCfg = Release|x64
		{A63EB2FF-8A99-46C2-8EFE-5E3103C162CC}.Release|x64.Build.0 = Release|x64
		{A63EB2FF-8A99-46C2-8EFE-5E3103C162CC}.Release|x86.ActiveCfg = Release|Win32
		{A63EB2FF-8A99-46C2-8EFE-5E3103C162CC}.Release|x86.Build.0 = Release|Win32
		{006B125D-019D-47F8-844C-DB9408FF49B2}.Debug|x64.ActiveCfg = Debug|x64
		{006B125D-019D-47F8-844C-DB9408FF49B2}.Debug|x64.Build.0 = Debug|x64
		{006B125D-019D-47F8-844C-DB9408FF49B2}.Debug|x86.ActiveCfg = Debug|Win32
		{006B125D-019D-47F8-844C-DB9408FF49B2}.Debug|x86.Build.0 = Debug|Win32
		{006B125D-019D-47F8-844C-DB9408FF49B2}.Release|x64.ActiveCfg = Release|x64
		{006B125D-019D-47F8-844C-DB9408FF49B2}.Release|x64.Build.0 = Release|x64
		{006B125D-019D-47F8-844C-DB9408FF49B2}.Release|x86.ActiveCfg = Release|Win32
		{006B125D-019D-47F8-844C-DB9408FF49B2}.Release|x86.Build.0 = Release|Win32
		{66C73C1A-7AB6-4676-BA0D-C0CA35B5D607}.Debug|x64.ActiveCfg = Debug|x64
		{66C73C1A-7AB6-4676-BA0D-C0CA35B5D607}.Debug|x64.Build.0 = Debug|x64
		{66C73C1A-7AB6-4676-BA0D-C0CA35B5D607}.Debug|x86.ActiveCfg = Debug|Win32
		{66C73C1A-7AB6-4676-BA0D-C0CA35B5D607}.Debug|x86.Build.0 = Debug|Win32
		{66C73C1A-7AB6-4676-BA0D-C0CA35B5D607}.Release|x64.ActiveCfg = Release|x64
		{66C73C1A-7AB6-4676-BA0D-C0CA35B5D607}.Release|x64.Build.0 = Release|x64
		{66C73C1A-7AB6-4676-BA0D-C0CA35B5D607}.Release|x86.ActiveCfg = Release|Win32
		{66C73C1A-7AB6-4676-BA0D-C0CA35B5D607}.Release|x86.Build.0 = Release|Win32
		{9936ACB4-1300-41E6-897B-82B0EDE15F2A}.Debug|x64.ActiveCfg = Debug|x64
		{9936ACB4-1300-41E6-897B-82B0EDE15F2A}.Debug|x64.Build.0 = Debug|x64
		{9936ACB4-1300-41E6-897B-82B0EDE15F2A}.Debug|x86.ActiveCfg = Debug|Win32
		{9936ACB4-1300-41E6-897B-82B0EDE15F2A}.Debug|x86.Build.0 = Debug|Win32
		{9936ACB4-1300-41E6-897B-82B0EDE15F2A}.Release|x64.ActiveCfg = Release|x64
		{9936ACB4-1300-41E6-897B-82B0EDE15F2A}.Release|x64.Build.0 = Release|x64
		{9936ACB4-1300-41E6-897B-82B0EDE15F2A}.Release|x86.ActiveCfg = Release|Win32
		{9936ACB4-1300-41E6-897B-82B0EDE15F2A}.Release|x86.Build.0 = Release|Win32
		{61FFF5FF-65D7-4DBE-A654-2FF4B2C21CDC}.Debug|x64.ActiveCfg = Debug|x64
		{61FFF5FF-65D7-4DBE-A654-2FF4B2C21CDC}.Debug|x64.Build.0 = Debug|x64
		{61FFF5FF-65D7-4DBE-A654-2FF4B2C21CDC}.Debug|x86.ActiveCfg = Debug|Win32
		{61FFF5FF-65D7-4DBE-A654-2FF4B2C21CDC}.Debug|x86.Build.0 = Debug|Win32
		{61FFF5FF-65D7-4DBE-A654-2FF4B2C21CDC}.Release|x64.ActiveCfg = Release|x64
		{61FFF5FF-65D7-4DBE-A654-2FF4B2C21CDC}.Release|x64.Build.0 = Release|x64
		{61FFF5FF-65D7-4DBE-A654-2FF4B2C21CDC}.Release|x86.ActiveCfg = Release|Win32
		{61FFF5FF-65D7-4DBE-A654-2FF4B2C21CDC}.Release|x86.Build.0 = Release|Win32
		{78AFF9AB-03CB-4106-B7C9-6AB2A41A8E4B}.Debug|x64.ActiveCfg = Debug|x64
		{78AFF9AB-03CB-4106-B7C9-6AB2A41A8E4B}.Debug|x64.Build.0 = Debug|x64
		{78AFF9AB-03CB-4106-B7C9-6AB2A41A8E4B}.Debug|x86.ActiveCfg = Debug|Win32
		{78AFF9AB-03CB-4106-B7C9-6AB2A41A8E4B}.Debug|x86.Build.0 = Debug|Win32
		{78AFF9AB-03CB-4106-B7C9-6AB2A41A8E4B}.Release|x64.ActiveCfg = Release|x64
		{78AFF9AB-03CB-4106-B7C9-6AB2A41A8E4B}.Release|x64.Build.0 = Release|x64
		{78AFF9AB-03CB-4106-B7C9-6AB2A41A8E4B}.Release|x86.ActiveCfg = Release|Win32
		{78AFF9AB-03CB-4106-B7C9-6AB2A41A8E4B}.Release|x86.Build.0 = Release|Win32
		{166CAE7A-15A5-4ADD-AA48-C1967CA1C62D}.Debug|x64.ActiveCfg = Debug|x64
		{166CAE7A-15A5-4ADD-AA48-C1967CA1C62D}.Debug|x64.Build.0 = Debug|x64
		{166CAE7A-15A5-4ADD-AA48-C1967CA1C62D}.Debug|x86.ActiveCfg = Debug|Win32
		{166CAE7A-15A5-4ADD-AA48-C1967CA1C62D}.Debug|x86.Build.0 = Debug|Win32
		{166CAE7A-15A5-4ADD-AA48-C1967CA1C62D}.Release|x64.ActiveCfg = Release|x64
		{166CAE7A-15A5-4ADD-AA48-C1967CA1C62D}.Release|x64.Build.0 = Release|x64
		{166CAE7A-15A5-4ADD-AA48-C1967CA1C62D}.Release|x86.ActiveCfg = Release|Win32
		{166CAE7A-15A5-4ADD-AA48-C1967CA1C62D}.Release|x86.Build.0 = Release|Win32
		{4FCDA385-39FA-434A-BC60-E88898F5FDBC}.Debug|x64.ActiveCfg = Debug|x64
		{4FCDA385-39FA-434A-BC60-E88898F5FDBC}.Debug|x64.Build.0 = Debug|x64
		{4FCDA385-39FA-434A-BC60-E88898F5FDBC}.Debug|x86.ActiveCfg = Debug|Win32
		{4FCDA385-39FA-434A-BC60-E88898F5FDBC}.Debug|x86.Build.0 = Debug|Win32
		{4FCDA385-39FA-434A-BC60-E88898F5FDBC}.Release|x64.ActiveCfg = Release|x64
		{4FCDA385-39FA-434A-BC60-E88898F5FDBC}.Release|x64.Build.0 = Release|x64
		{4FCDA385-39FA-434A-BC60-E88898F5FDBC}.Release|x86.ActiveCfg = Release|Win32
		{4FCDA385-39FA-434A-BC60-E88898F5FDBC}.Release|x86.Build.0 = Release|Win32
		{41F0205B-9D85-450A-A69E-CE808E6C34E5}.Debug|x64.ActiveCfg = Debug|x64
		{41F0205B-9D85-450A-A69E-CE808E6C34E5}.Debug|x64.Build.0 = Debug|x64
		{41F0205B-9D85-450A-A69E-CE808E6C34E5}.Debug|x86.ActiveCfg = Debug|Win32
		{41F0205B-9D85-450A-A69E-CE808E6C34E5}.Debug|x86.Build.0 = Debug|Win32
		{41F0205B-9D85-450A-A69E-CE808E6C34E5}.Release|x64.ActiveCfg = Release|x64
		{41F0205B-9D85-450A-A69E-CE808E6C34E5}.Release|x64.Build.0 = Release|x64
		{41F0205B-9D85-450A-A69E-CE808E6C34E5}.Release|x86.ActiveCfg = Release|Win32
		{41F0205B-9D85-450A-A69E-CE808E6C34E5}.Release|x86.Build.0 = Release|Win32
		{84D6D842-D25F-4B57-8797-B048EB5C81FC}.Debug|x64.ActiveCfg = Debug|x64
		{84D6D842-D25F-4B57-8797-B048EB5C81FC}.Debug|x64.Build.0 = Debug|x64
		{84D6D842-D25F-4B57-8797-B048EB5C81FC}.Debug|x86.ActiveCfg = Debug|Win32
		{84D6D842-D25F-4B57-8797-B048EB5C81FC}.Debug|x86.Build.0 = Debug|Win32
		{84D6D842-D25F-4B57-8797-B048EB5C81FC}.Release|x64.ActiveCfg = Release|x64
		{84D6D842-D25F-4B57-8797-B048EB5C81FC}.Release|x64.Build.0 = Release|x64
		{84D6D842-D25F-4B57-8797-B048EB5C81FC}.Release|x86.ActiveCfg = Release|Win32
		{84D6D842-D25F-4B57-8797-B048EB5C81FC}.Release|x86.Build.0 = Release|Win32
		{CA1C9A10-1197-4F66-B021-62A326253460}.Debug|x64.ActiveCfg = Debug|x64
		{CA1C9A10-1197-4F66-B021-62A326253460}.Debug|x64.Build.0 = Debug|x64
		{CA1C9A10-1197-4F66-B021-62A326253460}.Debug|x86.ActiveCfg = Debug|Win32
		{CA1C9A10-1197-4F66-B021-62A326253460}.Debug|x86.Build.0 = Debug|Win32
		{CA1C9A10-1197-4F66-B021-62A326253460}.Release|x64.ActiveCfg = Release|x64
		{CA1C9A10-1197-4F66-B021-62A326253460}.Release|x64.Build.0 = Release|x64
		{CA1C9A10-1197-4F66-B021-62A326253460}.Release|x86.ActiveCfg = Release|Win32
		{CA1C9A10-1197-4F66-B021-62A326253460}.Release|x86.Build.0 = Release|Win32
		{F12CB038-0400-4E48-BDD6-551A62460DAE}.Debug|x64.ActiveCfg = Debug|x64
		{F12CB038-0400-4E48-BDD6-551A62460DAE}.Debug|x64.Build.0 = Debug|x64
		{F12CB038-0400-4E48-BDD6-551A62460DAE}.Debug|x86.ActiveCfg = Debug|Win32
		{F12CB038-0400-4E48-BDD6-551A62460DAE}.Debug|x86.Build.0 = Debug|Win32
		{F12CB038-0400-4E48-BDD6-551A62460DAE}.Release|x64.ActiveCfg = Release|x64
		{F12CB038-0400-4E48-BDD6-551A62460DAE}.Release|x64.Build.0 = Release|x64
		{F12CB038-0400-4E48-BDD6-551A62460DAE}.Release|x86.ActiveCfg = Release|Win32
		{F12CB038-0400-4E48-BDD6-551A62460DAE}.Release|x86.Build.0 = Release|Win32
		{D3AF445B-ED5A-411D-AF3B-5607A93C8581}.Debug|x64.ActiveCfg = Debug|x64
		{D3AF445B-ED5A-411D-AF3B-5607A93C8581}.Debug|x64.Build.0 = Debug|x64
		{D3AF445B-ED5A-411D-AF3B-5607A93C8581}.Debug|x86.ActiveCfg = Debug|Win32
		{D3AF445B-ED5A-411D-AF3B-5607A93C8581}.Debug|x86.Build.0 = Debug|Win32
		{D3AF445B-ED5A-411D-AF3B-5607A93C8581}.Release|x64.ActiveCfg = Release|x64
		{D3AF445B-ED5A-411D-AF3B-5607A93C8581}.Release|x64.Build.0 = Release|x64
		{D3AF445B-ED5A-411D-AF3B-5607A93C8581}.Release|x86.ActiveCfg = Release|Win32
		{D3AF445B-ED5A-411D-AF3B-5607A93C8581}.Release|x86.Build.0 = Release|Win32
		{482BF37B-6FFE-43E0-9CF5-96AAEB941CDF}.Debug|x64.ActiveCfg = Debug|x64
		{482BF37B-6FFE-43E0-9CF5-96AAEB941CDF}.Debug|x64.Build.0 = Debug|x64
		{482BF37B-6FFE-43E0-9CF5-96AAEB941CDF}.Debug|x86.ActiveCfg = Debug|Win32
		{482BF37B-6FFE-43E0-9CF5-96AAEB941CDF}.Debug|x86.Build.0 = Debug|Win32
		{482BF37B-6FFE-43E0-9CF5-96AAEB941CDF}.Release|x64.ActiveCfg = Release|x64
		{482BF37B-6FFE-43E0-9CF5-96AAEB941CDF}.Release|x64.Build.0 = Release|x64
		{482BF37B-6FFE-43E0-9CF5-96AAEB941CDF}.Release|x86.ActiveCfg = Release|Win32
		{482BF37B-6FFE-43E0-9CF5-96AAEB941CDF}.Release|x86.Build.0 = Release|Win32
		{8C840CDC-2964-4D0D-BEE5-C09CF772F482}.Debug|x64.ActiveCfg = Debug|x64
		{8C840CDC-2964-4D0D-BEE5-C09CF772F482}.Debug|x64.Build.0 = Debug|x64
		{8C840CDC-2964-4D0D-BEE5-C09CF772F482}.Debug|x86.ActiveCfg = Debug|Win32
		{8C840CDC-2964-4D0D-BEE5-C09CF772F482}.Debug|x86.Build.0 = Debug|Win32
		{8C840CDC-2964-4D0D-BEE5-C09CF772F482}.Release|x64.ActiveCfg = Release|x64
		{8C840CDC-2964-4D0D-BEE5-C09CF772F482}.Release|x64.Build.0 = Release|x64
		{8C840CDC-2964-4D0D-BEE5-C09CF772F482}.Release|x86.ActiveCfg = Release|Win32
		{8C840CDC-2964-4D0D-BEE5-C09CF772F482}.Release|x86.Build.0 = Release|Win32
		{9DCBB93A-BBCD-43D9-A0B1-AB006335DB34}.Debug|x64.ActiveCfg = Debug|x64
		{9DCBB93A-BBCD-43D9-A0B1-AB006335DB34}.Debug|x64.Build.0 = Debug|x64
		{9DCBB93A-BBCD-43D9-A0B1-AB006335DB34}.Debug|x86.ActiveCfg = Debug|Win32
		{9DCBB93A-BBCD-43D9-A0B1-AB006335DB34}.Debug|x86.Build.0 = Debug|Win32
		{9DCBB93A-BBCD-43D9-A0B1-AB006335DB34}.Release|x64.ActiveCfg = Release|x64
		{9DCBB93A-BBCD-43D9-A0B1-AB006335DB34}.Release|x64.Build.0 = Release|x64
		{9DCBB93A-BBCD-43D9-A0B1-AB006335DB34}.Release|x86.ActiveCfg = Release|Win32
		{9DCBB93A-BBCD-43D9-A0B1-AB006335DB34}.Release|x86.Build.0 = Release|Win32
		{348AE6D5-61F8-442C-818C-7628BA26E2C3}.Debug|x64.ActiveCfg = Debug|x64
		{348AE6D5-61F8-442C-818C-7628BA26E2C3}.Debug|x64.Build.0 = Debug|x64
		{348AE6D5-61F8-442C-818C-7628BA26E2C3}.Debug|x86.ActiveCfg = Debug|Win32
		{348AE6D5-61F8-442C-818C-7628BA26E2C3}.Debug|x86.Build.0 = Debug|Win32
		{348AE6D5-61F8-442C-818C-7628BA26E2C3}.Release|x64.ActiveCfg = Release|x64
		{348AE6D5-61F8-442C-818C-7628BA26E2C3}.Release|x64.Build.0 = Release|x64
		{348AE6D5-61F8-442C-818C-7628BA26E2C3}.Release|x86.ActiveCfg = Release|Win32
		{348AE6D5-61F8-442C-818C-7628BA26E2C3}.Release|x86.Build.0 = Release|Win32
		{5CDA20C2-3916-4679-A455-4342E6ED90E9}.Debug|x64.ActiveCfg = Debug|x64
		{5CDA20C2-3916-4679-A455-4342E6ED90E9}.Debug|x64.Build.0 = Debug|x64
		{5CDA20C2-3916-4679-A455-4342E6ED90E9}.Debug|x86.ActiveCfg = Debug|Win32
		{5CDA20C2-3916-4679-A455-4342E6ED90E9}.Debug|x86.Build.0 = Debug|Win32
		{5CDA20C2-3916-4679-A455-4342E6ED90E9}.Release|x64.ActiveCfg = Release|x64
		{5CDA20C2-3916-4679-A455-4342E6ED90E9}.Release|x64.Build.0 = Release|x64
		{5CDA20C2-3916-4679-A455-4342E6ED90E9}.Release|x86.ActiveCfg = Release|Win32
		{5CDA20C2-3916-4679-A455-4342E6ED90E9}.Release|x86.Build.0 = Release|Win32
		{A2B9E27C-DECD-4F99-A83C-F32F96CCF542}.Debug|x64.ActiveCfg = Debug|x64
		{A2B9E27C-DECD-4F99-A83C-F32F96CCF542}.Debug|x64.Build.0 = Debug|x64
		{A2B9E27C-DECD-4F99-A83C-F32F96CCF542}.Debug|x86.ActiveCfg = Debug|Win32
		{A2B9E27C-DECD-4F99-A83C-F32F96CCF542}.Debug|x86.Build.0 = Debug|Win32
		{A2B9E27C-DECD-4F99-A83C-F32F96CCF542}.Release|x64.ActiveCfg = Release|x64
		{A2B9E27C-DECD-4F99-A83C-F32F96CCF542}.Release|x64.Build.0 = Release|x64
		{A2B9E27C-DECD-4F99-A83C-F32F96CCF542}.Release|x86.ActiveCfg = Release|Win32
		{A2B9E27C-DECD-4F99-A83C-F32F96CCF542}.Release|x86.Build.0 = Release|Win32
		{BA0760EF-D9E3-4469-BADD-E864DB096DC2}.Debug|x64.ActiveCfg = Debug|x64
		{BA0760EF-D9E3-4469-BADD-E864DB096DC2}.Debug|x64.Build.0 = Debug|x64
		{BA0760EF-D9E3-4469-BADD-E864DB096DC2}.Debug|x86.ActiveCfg = Debug|Win32
		{BA0760EF-D9E3-4469-BADD-E864DB096DC2}.Debug|x86.Build.0 = Debug|Win32
		{BA0760EF-D9E3-4469-BADD-E864DB096DC2}.Release|x64.ActiveCfg = Release|x64
		{BA0760EF-D9E3-4469-BADD-E864DB096DC2}.Release|x64.Build.0 = Release|x64
		{BA0760EF-D9E3-4469-BADD-E864DB096DC2}.Release|x86.ActiveCfg = Release|Win32
		{BA0760EF-D9E3-4469-BADD-E864DB096DC2}.Release|x86.Build.0 = Release|Win32
		{204B1EC1-C4A3-4BD4-91EA-E567261FB7FE}.Debug|x64.ActiveCfg = Debug|x64
		{204B1EC1-C4A3-4BD4-91EA-E567261FB7FE}.Debug|x64.Build.0 = Debug|x64
		{204B1EC1-C4A3-4BD4-91EA-E567261FB7FE}.Debug|x86.ActiveCfg = Debug|Win32
		{204B1EC1-C4A3-4BD4-91EA-E567261FB7FE}.Debug|x86.Build.0 = Debug|Win32
		{204B1EC1-C4A3-4BD4-91EA-E567261FB7FE}.Release|x64.ActiveCfg = Release|x64
		{204B1EC1-C4A3-4BD4-91EA-E567261FB7FE}.Release|x64.Build.0 = Release|x64
		{204B1EC1-C4A3-4BD4-91EA-E567261FB7FE}.Release|x86.ActiveCfg = Release|Win32
		{204B1EC1-C4A3-4BD4-91EA-E567261FB7FE}.Release|x86.Build.0 = Release|Win32
		{98D92C13-1BD4-4CB5-84EE-F6C91079392F}.Debug|x64.ActiveCfg = Debug|x64
		{98D92C13-1BD4-4CB5-84EE-F6C91079392F}.Debug|x64.Build.0 = Debug|x64
		{98D92C13-1BD4-4CB5-84EE-F6C91079392F}.Debug|x86.ActiveCfg = Debug|Win32
		{98D92C13-1BD4-4CB5-84EE-F6C91079392F}.Debug|x86.Build.0 = Debug|Win32
		{98D92C13-1BD4-4CB5-84EE-F6C91079392F}.Release|x64.ActiveCfg = Release|x64
		{98D92C13-1BD4-4CB5-84EE-F6C91079392F}.Release|x64.Build.0 = Release|x64
		{98D92C13-1BD4-4CB5-84EE-F6C91079392F}.Release|x86.ActiveCfg = Release|Win32
		{98D92C13-1BD4-4CB5-84EE-F6C91079392F}.Release|x86.Build.0 = Release|Win32
		{5B76A86C-B3CD-441C-A24E-833BBF09D80B}.Debug|x64.ActiveCfg = Debug|x64
		{5B76A86C-B3CD-441C-A24E-833BBF09D80B}.Debug|x64.Build.0 = Debug|x64
		{5B76A86C-B3CD-441C-A24E-833BBF09D80B}.Debug|x86.ActiveCfg = Debug|Win32
		{5B76A86C-B3CD-441C-A24E-833BBF09D80B}.Debug|x86.Build.0 = Debug|Win32
		{5B76A86C-B3CD-441C-A24E-833BBF09D80B}.Release|x64.ActiveCfg = Release|x64
		{5B76A86C-B3CD-441C-A24E-833BBF09D80B}.Release|x64.Build.0 = Release|x64
		{5B76A86C-B3CD-441C-A24E-833BBF09D80B}.Release|x86.ActiveCfg = Release|Win32
		{5B76A86C-B3CD-441C-A24E-833BBF09D80B}.Release|x86.Build.0 = Release|Win32
		{4043E66A-4C4B-4BE0-928D-FC7BC5A0FF07}.Debug|x64.ActiveCfg = Debug|x64
		{4043E66A-4C4B-4BE0-928D-FC7BC5A0FF07}.Debug|x64.Build.0 = Debug|x64
		{4043E66A-4C4B-4BE0-928D-FC7BC5A0FF07}.Debug|x86.ActiveCfg = Debug|Win32
		{4043E66A-4C4B-4BE0-928D-FC7BC5A0FF07}.Debug|x86.Build.0 = Debug|Win32
		{4043E66A-4C4B-4BE0-928D-FC7BC5A0FF07}.Release|x64.ActiveCfg = Release|x64
		{4043E66A-4C4B-4BE0-928D-FC7BC5A0FF07}.Release|x64.Build.0 = Release|x64
		{4043E66A-4C4B-4BE0-928D-FC7BC5A0FF07}.Release|x86.ActiveCfg = Release|Win32
		{4043E66A-4C4B-4BE0-928D-FC7BC5A0FF07}.Release|x86.Build.0 = Release|Win32
		{A895981E-7C10-4C9C-8E70-DE47EB24CE50}.Debug|x64.ActiveCfg = Debug|x64
		{A895981E-7C10-4C9C-8E70-DE47EB24CE50}.Debug|x64.Build.0 = Debug|x64
		{A895981E-7C10-4C9C-8E70-DE47EB24CE50}.Debug|x86.ActiveCfg = Debug|Win32
		{A895981E-7C10-4C9C-8E70-DE47EB24CE50}.Debug|x86.Build.0 = Debug|Win32
		{A895981E-7C10-4C9C-8E70-DE47EB24CE50}.Release|x64.ActiveCfg = Release|x64
		{A895981E-7C10-4C9C-8E70-DE47EB24CE50}.Release|x64.Build.0 = Release|x64
		{A895981E-7C10-4C9C-8E70-DE47EB24CE50}.Release|x86.ActiveCfg = Release|Win32
		{A895981E-7C10-4C9C-8E70-DE47EB24CE50}.Release|x86.Build.0 = Release|Win32
		{341F7BDF-34D1-4017-93F5-4949A60792E2}.Debug|x64.ActiveCfg = Debug|x64
		{341F7BDF-34D1-4017-93F5-4949A60792E2}.Debug|x64.Build.0 = Debug|x64
		{341F7BDF-34D1-4017-93F5-4949A60792E2}.Debug|x86.ActiveCfg = Debug|Win32
		{341F7BDF-34D1-4017-93F5-4949A60792E2}.Debug|x86.Build.0 = Debug|Win32
		{341F7BDF-34D1-4017-93F5-4949A60792E2}.Release|x64.ActiveCfg = Release|x64
		{341F7BDF-34D1-4017-93F5-4949A60792E2}.Release|x64.Build.0 = Release|x64
		{341F7BDF-34D1-4017-93F5-4949A60792E2}.Release|x86.ActiveCfg = Release|Win32
		{341F7BDF-34D1-4017-93F5-4949A60792E2}.Release|x86.Build.0 = Release|Win32
		{08AE4737-EC56-40F9-A449-5B46866533AF}.Debug|x64.ActiveCfg = Debug|x64
		{08AE4737-EC56-40F9-A449-5B46866533AF}.Debug|x64.Build.0 = Debug|x64
		{08AE4737-EC56-40F9-A449-5B46866533AF}.Debug|x86.ActiveCfg = Debug|Win32
		{08AE4737-EC56-40F9-A449-5B46866533AF}.Debug|x86.Build.0 = Debug|Win32
		{08AE4737-EC56-40F9-A449-5B46866533AF}.Release|x64.ActiveCfg = Release|x64
		{08AE4737-EC56-40F9-A449-5B46866533AF}.Release|x64.Build.0 = Release|x64
		{08AE4737-EC56-40F9-A449-5B46866533AF}.Release|x86.ActiveCfg = Release|Win32
		{08AE4737-EC56-40F9-A449-5B46866533AF}.Release|x86.Build.0 = Release|Win32
		{8412069B-A025-432A-AB31-98B78998EAFF}.Debug|x64.ActiveCfg = Debug|x64
		{8412069B-A025-432A-AB31-98B78998EAFF}.Debug|x64.Build.0 = Debug|x64
		{8412069B-A025-432A-AB31-98B78998EAFF}.Debug|x86.ActiveCfg = Debug|Win32
		{8412069B-A025-432A-AB31-98B78998EAFF}.Debug|x86.Build.0 = Debug|Win32
		{8412069B-A025-432A-AB31-98B78998EAFF}.Release|x64.ActiveCfg = Release|x64
		{8412069B-A025-432A-AB31-98B78998EAFF}.Release|x64.Build.0 = Release|x64
		{8412069B-A025-432A-AB31-98B78998EAFF}.Release|x86.ActiveCfg = Release|Win32
		{8412069B-A025-432A-AB31-98B78998EAFF}.Release|x86.Build.0 = Release|Win32
		{AA6421A7-DAB1-429E-9335-7890BAC1AFF5}.Debug|x64.ActiveCfg = Debug|x64
		{AA6421A7-DAB1-429E-9335-7890BAC1AFF5}.Debug|x64.Build.0 = Debug|x64
		{AA6421A7-DAB1-429E-9335-7890BAC1AFF5}.Debug|x86.ActiveCfg = Debug|Win32
		{AA6421A7-DAB1-429E-9335-7890BAC1AFF5}.Debug|x86.Build.0 = Debug|Win32
		{AA6421A7-DAB1-429E-9335-7890BAC1AFF5}.Release|x64.ActiveCfg = Release|x64
		{AA6421A7-DAB1-429E-9335-7890BAC1AFF5}.Release|x64.Build.0 = Release|x64
		{AA6421A7-DAB1-429E-9335-7890BAC1AFF5}.Release|x86.ActiveCfg = Release|Win32
		{AA6421A7-DAB1-429E-9335-7890BAC1AFF5}.Release|x86.Build.0 = Release|Win32
		{7EB2AD45-ED0C-4622-BA68-F71212AEFF47}.Debug|x64.ActiveCfg = Debug|x64
		{7EB2AD45-ED0C-4622-BA68-F71212AEFF47}.Debug|x64.Build.0 = Debug|x64
		{7EB2AD45-ED0C-4622-BA68-F71212AEFF47}.Debug|x86.ActiveCfg = Debug|Win32
		{7EB2AD45-ED0C-4622-BA68-F71212AEFF47}.Debug|x86.Build.0 = Debug|Win32
		{7EB2AD45-ED0C-4622-BA68-F71212AEFF47}.Release|x64.ActiveCfg = Release|x64
		{7EB2AD45-ED0C-4622-BA68-F71212AEFF47}.Release|x64.Build.0 = Release|x64
		{7EB2AD45-ED0C-4622-BA68-F71212AEFF47}.Release|x86.ActiveCfg = Release|Win32
		{7EB2AD45-ED0C-4622-BA68-F71212AEFF47}.Release|x86.Build.0 = Release|Win32
		{392CF95D-1DAF-4DA7-BAB7-EB61A85B7A8A}.Debug|x64.ActiveCfg = Debug|x64
		{392CF95D-1DAF-4DA7-BAB7-EB61A85B7A8A}.Debug|x64.Build.0 = Debug|x64
		{392CF95D-1DAF-4DA7-BAB7-EB61A85B7A8A}.Debug|x86.ActiveCfg = Debug|Win32
		{392CF95D-1DAF-4DA7-BAB7-EB61A85B7A8A}.Debug|x86.Build.0 = Debug|Win32
		{392CF95D-1DAF-4DA7-BAB7-EB61A85B7A8A}.Release|x64.ActiveCfg = Release|x64
		{392CF95D-1DAF-4DA7-BAB7-EB61A85B7A8A}.Release|x64.Build.0 = Release|x64
		{392CF95D-1DAF-4DA7-BAB7-EB61A85B7A8A}.Release|x86.ActiveCfg = Release|Win32
		{392CF95D-1DAF-4DA7-BAB7-EB61A85B7A8A}.Release|x86.Build.0 = Release|Win32
	EndGlobalSection
	GlobalSection(SolutionProperties) = preSolution
		HideSolutionNode = FALSE
	EndGlobalSection
	GlobalSection(ExtensibilityGlobals) = postSolution
		SolutionGuid = {6A5DEF0C-CF38-412A-9E64-91BD4DBDFD87}
	EndGlobalSection
EndGlobal
